// !$*UTF8*$!
{
	archiveVersion = 1;
	classes = {
	};
	objectVersion = 56;
	objects = {

/* Begin PBXBuildFile section */
		771C0C8B2BA638D700A7B909 /* TitleView.swift in Sources */ = {isa = PBXBuildFile; fileRef = 771C0C8A2BA638D700A7B909 /* TitleView.swift */; };
		772314062BA5F825002C8CE1 /* ActualARView.swift in Sources */ = {isa = PBXBuildFile; fileRef = 772314052BA5F825002C8CE1 /* ActualARView.swift */; };
		7723140A2BA5F942002C8CE1 /* ARViewWrapper.swift in Sources */ = {isa = PBXBuildFile; fileRef = 772314092BA5F942002C8CE1 /* ARViewWrapper.swift */; };
		7741CD7B2BA2734B0031BAF9 /* FirebaseAnalytics in Frameworks */ = {isa = PBXBuildFile; productRef = 7741CD7A2BA2734B0031BAF9 /* FirebaseAnalytics */; };
		7741CD7D2BA2734B0031BAF9 /* FirebaseAnalyticsSwift in Frameworks */ = {isa = PBXBuildFile; productRef = 7741CD7C2BA2734B0031BAF9 /* FirebaseAnalyticsSwift */; };
		7741CD7F2BA2734B0031BAF9 /* FirebaseStorage in Frameworks */ = {isa = PBXBuildFile; productRef = 7741CD7E2BA2734B0031BAF9 /* FirebaseStorage */; };
		7741CD892BA2782C0031BAF9 /* USDZLoader.swift in Sources */ = {isa = PBXBuildFile; fileRef = 7741CD882BA2782C0031BAF9 /* USDZLoader.swift */; };
		7741CD8B2BA278B00031BAF9 /* QRCodeLoader.swift in Sources */ = {isa = PBXBuildFile; fileRef = 7741CD8A2BA278B00031BAF9 /* QRCodeLoader.swift */; };
		7741CD8D2BA279170031BAF9 /* QRCodeService.swift in Sources */ = {isa = PBXBuildFile; fileRef = 7741CD8C2BA279170031BAF9 /* QRCodeService.swift */; };
		77A169CC2BA37F5D003A639F /* GoogleService-Info.plist in Resources */ = {isa = PBXBuildFile; fileRef = 77A169CB2BA37F5D003A639F /* GoogleService-Info.plist */; };
		77A6D1C02BA60EF8003E14D1 /* TeamView.swift in Sources */ = {isa = PBXBuildFile; fileRef = 77A6D1BF2BA60EF8003E14D1 /* TeamView.swift */; };
		77A6D1C52BA60FF5003E14D1 /* InstructionsView.swift in Sources */ = {isa = PBXBuildFile; fileRef = 77A6D1C42BA60FF5003E14D1 /* InstructionsView.swift */; };
		77A6D1C72BA610BA003E14D1 /* ModelListView.swift in Sources */ = {isa = PBXBuildFile; fileRef = 77A6D1C62BA610BA003E14D1 /* ModelListView.swift */; };
		77A6D1CA2BA618F5003E14D1 /* VideoPlayerRepresentable.swift in Sources */ = {isa = PBXBuildFile; fileRef = 77A6D1C92BA618F5003E14D1 /* VideoPlayerRepresentable.swift */; };
		A71F0C7E2B862B1200FEE1EE /* backgroundVideo1.mov in Resources */ = {isa = PBXBuildFile; fileRef = A71F0C7D2B862B1200FEE1EE /* backgroundVideo1.mov */; };
		A76876EB2B6ADB8F00F95E44 /* AIARApp.swift in Sources */ = {isa = PBXBuildFile; fileRef = A76876EA2B6ADB8F00F95E44 /* AIARApp.swift */; };
		A76876EF2B6ADB9000F95E44 /* Assets.xcassets in Resources */ = {isa = PBXBuildFile; fileRef = A76876EE2B6ADB9000F95E44 /* Assets.xcassets */; };
		A76876F22B6ADB9000F95E44 /* Preview Assets.xcassets in Resources */ = {isa = PBXBuildFile; fileRef = A76876F12B6ADB9000F95E44 /* Preview Assets.xcassets */; };
		A76877162B6ADC1700F95E44 /* ARAction.swift in Sources */ = {isa = PBXBuildFile; fileRef = A76877152B6ADC1700F95E44 /* ARAction.swift */; };
		A76877182B6ADC2A00F95E44 /* ARManager.swift in Sources */ = {isa = PBXBuildFile; fileRef = A76877172B6ADC2900F95E44 /* ARManager.swift */; };
		A768771C2B6ADC5E00F95E44 /* ARViewRepresentable.swift in Sources */ = {isa = PBXBuildFile; fileRef = A768771B2B6ADC5E00F95E44 /* ARViewRepresentable.swift */; };
		A768771E2B6AE09300F95E44 /* ContentView.swift in Sources */ = {isa = PBXBuildFile; fileRef = A768771D2B6AE09300F95E44 /* ContentView.swift */; };
		A7BAE4BD2BB3809000C38D7D /* Main.storyboard in Resources */ = {isa = PBXBuildFile; fileRef = A7BAE4BC2BB3809000C38D7D /* Main.storyboard */; };
		A7BAE4C72BB3812100C38D7D /* SignUpViewController.swift in Sources */ = {isa = PBXBuildFile; fileRef = A7BAE4C02BB3812100C38D7D /* SignUpViewController.swift */; };
		A7BAE4C82BB3812100C38D7D /* ViewController.swift in Sources */ = {isa = PBXBuildFile; fileRef = A7BAE4C12BB3812100C38D7D /* ViewController.swift */; };
		A7BAE4C92BB3812100C38D7D /* HomeViewController.swift in Sources */ = {isa = PBXBuildFile; fileRef = A7BAE4C22BB3812100C38D7D /* HomeViewController.swift */; };
		A7BAE4CA2BB3812100C38D7D /* LoginViewController.swift in Sources */ = {isa = PBXBuildFile; fileRef = A7BAE4C32BB3812100C38D7D /* LoginViewController.swift */; };
		A7BAE4CC2BB3812100C38D7D /* Utilities.swift in Sources */ = {isa = PBXBuildFile; fileRef = A7BAE4C62BB3812100C38D7D /* Utilities.swift */; };
		A7BAE4CE2BB381DA00C38D7D /* FirebaseAuth in Frameworks */ = {isa = PBXBuildFile; productRef = A7BAE4CD2BB381DA00C38D7D /* FirebaseAuth */; };
		A7BAE4D02BB381DA00C38D7D /* FirebaseDatabase in Frameworks */ = {isa = PBXBuildFile; productRef = A7BAE4CF2BB381DA00C38D7D /* FirebaseDatabase */; };
		A7BAE4D22BB381DA00C38D7D /* FirebaseFirestore in Frameworks */ = {isa = PBXBuildFile; productRef = A7BAE4D12BB381DA00C38D7D /* FirebaseFirestore */; };
/* End PBXBuildFile section */

/* Begin PBXContainerItemProxy section */
		A76876F82B6ADB9000F95E44 /* PBXContainerItemProxy */ = {
			isa = PBXContainerItemProxy;
			containerPortal = A76876DF2B6ADB8F00F95E44 /* Project object */;
			proxyType = 1;
			remoteGlobalIDString = A76876E62B6ADB8F00F95E44;
			remoteInfo = AIAR;
		};
		A76877022B6ADB9000F95E44 /* PBXContainerItemProxy */ = {
			isa = PBXContainerItemProxy;
			containerPortal = A76876DF2B6ADB8F00F95E44 /* Project object */;
			proxyType = 1;
			remoteGlobalIDString = A76876E62B6ADB8F00F95E44;
			remoteInfo = AIAR;
		};
/* End PBXContainerItemProxy section */

/* Begin PBXFileReference section */
		771C0C8A2BA638D700A7B909 /* TitleView.swift */ = {isa = PBXFileReference; lastKnownFileType = sourcecode.swift; path = TitleView.swift; sourceTree = "<group>"; };
		772314052BA5F825002C8CE1 /* ActualARView.swift */ = {isa = PBXFileReference; lastKnownFileType = sourcecode.swift; path = ActualARView.swift; sourceTree = "<group>"; };
		772314092BA5F942002C8CE1 /* ARViewWrapper.swift */ = {isa = PBXFileReference; lastKnownFileType = sourcecode.swift; path = ARViewWrapper.swift; sourceTree = "<group>"; };
		7741CD882BA2782C0031BAF9 /* USDZLoader.swift */ = {isa = PBXFileReference; lastKnownFileType = sourcecode.swift; path = USDZLoader.swift; sourceTree = "<group>"; };
		7741CD8A2BA278B00031BAF9 /* QRCodeLoader.swift */ = {isa = PBXFileReference; lastKnownFileType = sourcecode.swift; path = QRCodeLoader.swift; sourceTree = "<group>"; };
		7741CD8C2BA279170031BAF9 /* QRCodeService.swift */ = {isa = PBXFileReference; lastKnownFileType = sourcecode.swift; path = QRCodeService.swift; sourceTree = "<group>"; };
		77A169CB2BA37F5D003A639F /* GoogleService-Info.plist */ = {isa = PBXFileReference; fileEncoding = 4; lastKnownFileType = text.plist.xml; path = "GoogleService-Info.plist"; sourceTree = "<group>"; };
		77A6D1BF2BA60EF8003E14D1 /* TeamView.swift */ = {isa = PBXFileReference; lastKnownFileType = sourcecode.swift; path = TeamView.swift; sourceTree = "<group>"; };
		77A6D1C42BA60FF5003E14D1 /* InstructionsView.swift */ = {isa = PBXFileReference; lastKnownFileType = sourcecode.swift; path = InstructionsView.swift; sourceTree = "<group>"; };
		77A6D1C62BA610BA003E14D1 /* ModelListView.swift */ = {isa = PBXFileReference; lastKnownFileType = sourcecode.swift; path = ModelListView.swift; sourceTree = "<group>"; };
		77A6D1C92BA618F5003E14D1 /* VideoPlayerRepresentable.swift */ = {isa = PBXFileReference; lastKnownFileType = sourcecode.swift; path = VideoPlayerRepresentable.swift; sourceTree = "<group>"; };
		A71F0C7D2B862B1200FEE1EE /* backgroundVideo1.mov */ = {isa = PBXFileReference; lastKnownFileType = video.quicktime; path = backgroundVideo1.mov; sourceTree = "<group>"; };
		A72EA8832B823BA400259F9A /* Info.plist */ = {isa = PBXFileReference; lastKnownFileType = text.plist.xml; path = Info.plist; sourceTree = "<group>"; };
		A76876E72B6ADB8F00F95E44 /* AIAR.app */ = {isa = PBXFileReference; explicitFileType = wrapper.application; includeInIndex = 0; path = AIAR.app; sourceTree = BUILT_PRODUCTS_DIR; };
		A76876EA2B6ADB8F00F95E44 /* AIARApp.swift */ = {isa = PBXFileReference; lastKnownFileType = sourcecode.swift; path = AIARApp.swift; sourceTree = "<group>"; };
		A76876EE2B6ADB9000F95E44 /* Assets.xcassets */ = {isa = PBXFileReference; lastKnownFileType = folder.assetcatalog; path = Assets.xcassets; sourceTree = "<group>"; };
		A76876F12B6ADB9000F95E44 /* Preview Assets.xcassets */ = {isa = PBXFileReference; lastKnownFileType = folder.assetcatalog; path = "Preview Assets.xcassets"; sourceTree = "<group>"; };
		A76877152B6ADC1700F95E44 /* ARAction.swift */ = {isa = PBXFileReference; lastKnownFileType = sourcecode.swift; path = ARAction.swift; sourceTree = "<group>"; };
		A76877172B6ADC2900F95E44 /* ARManager.swift */ = {isa = PBXFileReference; lastKnownFileType = sourcecode.swift; path = ARManager.swift; sourceTree = "<group>"; };
		A768771B2B6ADC5E00F95E44 /* ARViewRepresentable.swift */ = {isa = PBXFileReference; lastKnownFileType = sourcecode.swift; path = ARViewRepresentable.swift; sourceTree = "<group>"; };
		A768771D2B6AE09300F95E44 /* ContentView.swift */ = {isa = PBXFileReference; lastKnownFileType = sourcecode.swift; path = ContentView.swift; sourceTree = "<group>"; };
		A7BAE4BC2BB3809000C38D7D /* Main.storyboard */ = {isa = PBXFileReference; fileEncoding = 4; lastKnownFileType = file.storyboard; path = Main.storyboard; sourceTree = "<group>"; };
		A7BAE4C02BB3812100C38D7D /* SignUpViewController.swift */ = {isa = PBXFileReference; fileEncoding = 4; lastKnownFileType = sourcecode.swift; path = SignUpViewController.swift; sourceTree = "<group>"; };
		A7BAE4C12BB3812100C38D7D /* ViewController.swift */ = {isa = PBXFileReference; fileEncoding = 4; lastKnownFileType = sourcecode.swift; path = ViewController.swift; sourceTree = "<group>"; };
		A7BAE4C22BB3812100C38D7D /* HomeViewController.swift */ = {isa = PBXFileReference; fileEncoding = 4; lastKnownFileType = sourcecode.swift; path = HomeViewController.swift; sourceTree = "<group>"; };
		A7BAE4C32BB3812100C38D7D /* LoginViewController.swift */ = {isa = PBXFileReference; fileEncoding = 4; lastKnownFileType = sourcecode.swift; path = LoginViewController.swift; sourceTree = "<group>"; };
		A7BAE4C62BB3812100C38D7D /* Utilities.swift */ = {isa = PBXFileReference; fileEncoding = 4; lastKnownFileType = sourcecode.swift; path = Utilities.swift; sourceTree = "<group>"; };
/* End PBXFileReference section */

/* Begin PBXFrameworksBuildPhase section */
		A76876E42B6ADB8F00F95E44 /* Frameworks */ = {
			isa = PBXFrameworksBuildPhase;
			buildActionMask = 2147483647;
			files = (
				A7BAE4D02BB381DA00C38D7D /* FirebaseDatabase in Frameworks */,
				7741CD7D2BA2734B0031BAF9 /* FirebaseAnalyticsSwift in Frameworks */,
				7741CD7B2BA2734B0031BAF9 /* FirebaseAnalytics in Frameworks */,
				7741CD7F2BA2734B0031BAF9 /* FirebaseStorage in Frameworks */,
				A7BAE4CE2BB381DA00C38D7D /* FirebaseAuth in Frameworks */,
				A7BAE4D22BB381DA00C38D7D /* FirebaseFirestore in Frameworks */,
			);
			runOnlyForDeploymentPostprocessing = 0;
		};
		A76876F42B6ADB9000F95E44 /* Frameworks */ = {
			isa = PBXFrameworksBuildPhase;
			buildActionMask = 2147483647;
			files = (
			);
			runOnlyForDeploymentPostprocessing = 0;
		};
		A76876FE2B6ADB9000F95E44 /* Frameworks */ = {
			isa = PBXFrameworksBuildPhase;
			buildActionMask = 2147483647;
			files = (
			);
			runOnlyForDeploymentPostprocessing = 0;
		};
/* End PBXFrameworksBuildPhase section */

/* Begin PBXGroup section */
		771C0C892BA638B300A7B909 /* ContentView */ = {
			isa = PBXGroup;
			children = (
				A768771D2B6AE09300F95E44 /* ContentView.swift */,
				771C0C8A2BA638D700A7B909 /* TitleView.swift */,
			);
			path = ContentView;
			sourceTree = "<group>";
		};
		7741CD792BA2734B0031BAF9 /* Frameworks */ = {
			isa = PBXGroup;
			children = (
			);
			name = Frameworks;
			sourceTree = "<group>";
		};
		77A6D1BE2BA60EB2003E14D1 /* Views */ = {
			isa = PBXGroup;
			children = (
				771C0C892BA638B300A7B909 /* ContentView */,
				772314052BA5F825002C8CE1 /* ActualARView.swift */,
				77A6D1BF2BA60EF8003E14D1 /* TeamView.swift */,
				77A6D1C42BA60FF5003E14D1 /* InstructionsView.swift */,
				77A6D1C62BA610BA003E14D1 /* ModelListView.swift */,
			);
			path = Views;
			sourceTree = "<group>";
		};
		77A6D1C12BA60F55003E14D1 /* AR */ = {
			isa = PBXGroup;
			children = (
				A768771B2B6ADC5E00F95E44 /* ARViewRepresentable.swift */,
				772314092BA5F942002C8CE1 /* ARViewWrapper.swift */,
				A76877172B6ADC2900F95E44 /* ARManager.swift */,
				A76877152B6ADC1700F95E44 /* ARAction.swift */,
			);
			path = AR;
			sourceTree = "<group>";
		};
		77A6D1C22BA60F7B003E14D1 /* QR */ = {
			isa = PBXGroup;
			children = (
				7741CD8C2BA279170031BAF9 /* QRCodeService.swift */,
				7741CD8A2BA278B00031BAF9 /* QRCodeLoader.swift */,
			);
			path = QR;
			sourceTree = "<group>";
		};
		77A6D1C32BA60F89003E14D1 /* USDZ */ = {
			isa = PBXGroup;
			children = (
				7741CD882BA2782C0031BAF9 /* USDZLoader.swift */,
			);
			path = USDZ;
			sourceTree = "<group>";
		};
		77A6D1C82BA618D1003E14D1 /* Video */ = {
			isa = PBXGroup;
			children = (
				77A6D1C92BA618F5003E14D1 /* VideoPlayerRepresentable.swift */,
			);
			path = Video;
			sourceTree = "<group>";
		};
		A76876DE2B6ADB8F00F95E44 = {
			isa = PBXGroup;
			children = (
				A76876E92B6ADB8F00F95E44 /* AIAR */,
				A76876FA2B6ADB9000F95E44 /* AIARTests */,
				A76877042B6ADB9000F95E44 /* AIARUITests */,
				A76876E82B6ADB8F00F95E44 /* Products */,
				7741CD792BA2734B0031BAF9 /* Frameworks */,
			);
			sourceTree = "<group>";
		};
		A76876E82B6ADB8F00F95E44 /* Products */ = {
			isa = PBXGroup;
			children = (
				A76876E72B6ADB8F00F95E44 /* AIAR.app */,
			);
			name = Products;
			sourceTree = "<group>";
		};
		A76876E92B6ADB8F00F95E44 /* AIAR */ = {
			isa = PBXGroup;
			children = (
				A7BAE4BE2BB3812100C38D7D /* Auth */,
				A7BAE4BC2BB3809000C38D7D /* Main.storyboard */,
				A72EA8832B823BA400259F9A /* Info.plist */,
				77A169CB2BA37F5D003A639F /* GoogleService-Info.plist */,
				77A6D1C12BA60F55003E14D1 /* AR */,
				77A6D1C22BA60F7B003E14D1 /* QR */,
				77A6D1C32BA60F89003E14D1 /* USDZ */,
				77A6D1BE2BA60EB2003E14D1 /* Views */,
				77A6D1C82BA618D1003E14D1 /* Video */,
				A76876EA2B6ADB8F00F95E44 /* AIARApp.swift */,
				A71F0C7D2B862B1200FEE1EE /* backgroundVideo1.mov */,
				A76876EE2B6ADB9000F95E44 /* Assets.xcassets */,
				A76876F02B6ADB9000F95E44 /* Preview Content */,
			);
			path = AIAR;
			sourceTree = "<group>";
		};
		A76876F02B6ADB9000F95E44 /* Preview Content */ = {
			isa = PBXGroup;
			children = (
				A76876F12B6ADB9000F95E44 /* Preview Assets.xcassets */,
			);
			path = "Preview Content";
			sourceTree = "<group>";
		};
		A76876FA2B6ADB9000F95E44 /* AIARTests */ = {
			isa = PBXGroup;
			children = (
			);
			path = AIARTests;
			sourceTree = "<group>";
		};
		A76877042B6ADB9000F95E44 /* AIARUITests */ = {
			isa = PBXGroup;
			children = (
			);
			path = AIARUITests;
			sourceTree = "<group>";
		};
		A7BAE4BE2BB3812100C38D7D /* Auth */ = {
			isa = PBXGroup;
			children = (
				A7BAE4BF2BB3812100C38D7D /* Controller */,
				A7BAE4C42BB3812100C38D7D /* Helpers */,
			);
			path = Auth;
			sourceTree = "<group>";
		};
		A7BAE4BF2BB3812100C38D7D /* Controller */ = {
			isa = PBXGroup;
			children = (
				A7BAE4C02BB3812100C38D7D /* SignUpViewController.swift */,
				A7BAE4C12BB3812100C38D7D /* ViewController.swift */,
				A7BAE4C22BB3812100C38D7D /* HomeViewController.swift */,
				A7BAE4C32BB3812100C38D7D /* LoginViewController.swift */,
			);
			path = Controller;
			sourceTree = "<group>";
		};
		A7BAE4C42BB3812100C38D7D /* Helpers */ = {
			isa = PBXGroup;
			children = (
				A7BAE4C62BB3812100C38D7D /* Utilities.swift */,
			);
			path = Helpers;
			sourceTree = "<group>";
		};
/* End PBXGroup section */

/* Begin PBXNativeTarget section */
		A76876E62B6ADB8F00F95E44 /* AIAR */ = {
			isa = PBXNativeTarget;
			buildConfigurationList = A768770B2B6ADB9000F95E44 /* Build configuration list for PBXNativeTarget "AIAR" */;
			buildPhases = (
				A76876E32B6ADB8F00F95E44 /* Sources */,
				A76876E42B6ADB8F00F95E44 /* Frameworks */,
				A76876E52B6ADB8F00F95E44 /* Resources */,
			);
			buildRules = (
			);
			dependencies = (
			);
			name = AIAR;
			packageProductDependencies = (
				7741CD7A2BA2734B0031BAF9 /* FirebaseAnalytics */,
				7741CD7C2BA2734B0031BAF9 /* FirebaseAnalyticsSwift */,
				7741CD7E2BA2734B0031BAF9 /* FirebaseStorage */,
				A7BAE4CD2BB381DA00C38D7D /* FirebaseAuth */,
				A7BAE4CF2BB381DA00C38D7D /* FirebaseDatabase */,
				A7BAE4D12BB381DA00C38D7D /* FirebaseFirestore */,
			);
			productName = AIAR;
			productReference = A76876E72B6ADB8F00F95E44 /* AIAR.app */;
			productType = "com.apple.product-type.application";
		};
		A76876F62B6ADB9000F95E44 /* AIARTests */ = {
			isa = PBXNativeTarget;
			buildConfigurationList = A768770E2B6ADB9000F95E44 /* Build configuration list for PBXNativeTarget "AIARTests" */;
			buildPhases = (
				A76876F32B6ADB9000F95E44 /* Sources */,
				A76876F42B6ADB9000F95E44 /* Frameworks */,
				A76876F52B6ADB9000F95E44 /* Resources */,
			);
			buildRules = (
			);
			dependencies = (
				A76876F92B6ADB9000F95E44 /* PBXTargetDependency */,
			);
			name = AIARTests;
			productName = AIARTests;
			productType = "com.apple.product-type.bundle.unit-test";
		};
		A76877002B6ADB9000F95E44 /* AIARUITests */ = {
			isa = PBXNativeTarget;
			buildConfigurationList = A76877112B6ADB9000F95E44 /* Build configuration list for PBXNativeTarget "AIARUITests" */;
			buildPhases = (
				A76876FD2B6ADB9000F95E44 /* Sources */,
				A76876FE2B6ADB9000F95E44 /* Frameworks */,
				A76876FF2B6ADB9000F95E44 /* Resources */,
			);
			buildRules = (
			);
			dependencies = (
				A76877032B6ADB9000F95E44 /* PBXTargetDependency */,
			);
			name = AIARUITests;
			productName = AIARUITests;
			productType = "com.apple.product-type.bundle.ui-testing";
		};
/* End PBXNativeTarget section */

/* Begin PBXProject section */
		A76876DF2B6ADB8F00F95E44 /* Project object */ = {
			isa = PBXProject;
			attributes = {
				BuildIndependentTargetsInParallel = 1;
				LastSwiftUpdateCheck = 1500;
				LastUpgradeCheck = 1500;
				TargetAttributes = {
					A76876E62B6ADB8F00F95E44 = {
						CreatedOnToolsVersion = 15.0.1;
					};
					A76876F62B6ADB9000F95E44 = {
						CreatedOnToolsVersion = 15.0.1;
						TestTargetID = A76876E62B6ADB8F00F95E44;
					};
					A76877002B6ADB9000F95E44 = {
						CreatedOnToolsVersion = 15.0.1;
						TestTargetID = A76876E62B6ADB8F00F95E44;
					};
				};
			};
			buildConfigurationList = A76876E22B6ADB8F00F95E44 /* Build configuration list for PBXProject "AIAR" */;
			compatibilityVersion = "Xcode 14.0";
			developmentRegion = en;
			hasScannedForEncodings = 0;
			knownRegions = (
				en,
				Base,
			);
			mainGroup = A76876DE2B6ADB8F00F95E44;
			packageReferences = (
				7741CD782BA273270031BAF9 /* XCRemoteSwiftPackageReference "firebase-ios-sdk" */,
			);
			productRefGroup = A76876E82B6ADB8F00F95E44 /* Products */;
			projectDirPath = "";
			projectRoot = "";
			targets = (
				A76876E62B6ADB8F00F95E44 /* AIAR */,
				A76876F62B6ADB9000F95E44 /* AIARTests */,
				A76877002B6ADB9000F95E44 /* AIARUITests */,
			);
		};
/* End PBXProject section */

/* Begin PBXResourcesBuildPhase section */
		A76876E52B6ADB8F00F95E44 /* Resources */ = {
			isa = PBXResourcesBuildPhase;
			buildActionMask = 2147483647;
			files = (
				A76876F22B6ADB9000F95E44 /* Preview Assets.xcassets in Resources */,
				A7BAE4BD2BB3809000C38D7D /* Main.storyboard in Resources */,
				77A169CC2BA37F5D003A639F /* GoogleService-Info.plist in Resources */,
				A76876EF2B6ADB9000F95E44 /* Assets.xcassets in Resources */,
				A71F0C7E2B862B1200FEE1EE /* backgroundVideo1.mov in Resources */,
			);
			runOnlyForDeploymentPostprocessing = 0;
		};
		A76876F52B6ADB9000F95E44 /* Resources */ = {
			isa = PBXResourcesBuildPhase;
			buildActionMask = 2147483647;
			files = (
			);
			runOnlyForDeploymentPostprocessing = 0;
		};
		A76876FF2B6ADB9000F95E44 /* Resources */ = {
			isa = PBXResourcesBuildPhase;
			buildActionMask = 2147483647;
			files = (
			);
			runOnlyForDeploymentPostprocessing = 0;
		};
/* End PBXResourcesBuildPhase section */

/* Begin PBXSourcesBuildPhase section */
		A76876E32B6ADB8F00F95E44 /* Sources */ = {
			isa = PBXSourcesBuildPhase;
			buildActionMask = 2147483647;
			files = (
				77A6D1C72BA610BA003E14D1 /* ModelListView.swift in Sources */,
				A76877182B6ADC2A00F95E44 /* ARManager.swift in Sources */,
				7741CD8D2BA279170031BAF9 /* QRCodeService.swift in Sources */,
				772314062BA5F825002C8CE1 /* ActualARView.swift in Sources */,
				A7BAE4CA2BB3812100C38D7D /* LoginViewController.swift in Sources */,
				7741CD8B2BA278B00031BAF9 /* QRCodeLoader.swift in Sources */,
				A7BAE4C92BB3812100C38D7D /* HomeViewController.swift in Sources */,
				77A6D1C02BA60EF8003E14D1 /* TeamView.swift in Sources */,
				A768771C2B6ADC5E00F95E44 /* ARViewRepresentable.swift in Sources */,
				A7BAE4CC2BB3812100C38D7D /* Utilities.swift in Sources */,
				7723140A2BA5F942002C8CE1 /* ARViewWrapper.swift in Sources */,
				A768771E2B6AE09300F95E44 /* ContentView.swift in Sources */,
				A7BAE4C82BB3812100C38D7D /* ViewController.swift in Sources */,
				7741CD892BA2782C0031BAF9 /* USDZLoader.swift in Sources */,
				A7BAE4C72BB3812100C38D7D /* SignUpViewController.swift in Sources */,
				77A6D1C52BA60FF5003E14D1 /* InstructionsView.swift in Sources */,
				77A6D1CA2BA618F5003E14D1 /* VideoPlayerRepresentable.swift in Sources */,
				A76876EB2B6ADB8F00F95E44 /* AIARApp.swift in Sources */,
				A76877162B6ADC1700F95E44 /* ARAction.swift in Sources */,
				771C0C8B2BA638D700A7B909 /* TitleView.swift in Sources */,
			);
			runOnlyForDeploymentPostprocessing = 0;
		};
		A76876F32B6ADB9000F95E44 /* Sources */ = {
			isa = PBXSourcesBuildPhase;
			buildActionMask = 2147483647;
			files = (
			);
			runOnlyForDeploymentPostprocessing = 0;
		};
		A76876FD2B6ADB9000F95E44 /* Sources */ = {
			isa = PBXSourcesBuildPhase;
			buildActionMask = 2147483647;
			files = (
			);
			runOnlyForDeploymentPostprocessing = 0;
		};
/* End PBXSourcesBuildPhase section */

/* Begin PBXTargetDependency section */
		A76876F92B6ADB9000F95E44 /* PBXTargetDependency */ = {
			isa = PBXTargetDependency;
			target = A76876E62B6ADB8F00F95E44 /* AIAR */;
			targetProxy = A76876F82B6ADB9000F95E44 /* PBXContainerItemProxy */;
		};
		A76877032B6ADB9000F95E44 /* PBXTargetDependency */ = {
			isa = PBXTargetDependency;
			target = A76876E62B6ADB8F00F95E44 /* AIAR */;
			targetProxy = A76877022B6ADB9000F95E44 /* PBXContainerItemProxy */;
		};
/* End PBXTargetDependency section */

/* Begin XCBuildConfiguration section */
		A76877092B6ADB9000F95E44 /* Debug */ = {
			isa = XCBuildConfiguration;
			buildSettings = {
				ALWAYS_SEARCH_USER_PATHS = NO;
				ASSETCATALOG_COMPILER_GENERATE_SWIFT_ASSET_SYMBOL_EXTENSIONS = YES;
				CLANG_ANALYZER_NONNULL = YES;
				CLANG_ANALYZER_NUMBER_OBJECT_CONVERSION = YES_AGGRESSIVE;
				CLANG_CXX_LANGUAGE_STANDARD = "gnu++20";
				CLANG_ENABLE_MODULES = YES;
				CLANG_ENABLE_OBJC_ARC = YES;
				CLANG_ENABLE_OBJC_WEAK = YES;
				CLANG_WARN_BLOCK_CAPTURE_AUTORELEASING = YES;
				CLANG_WARN_BOOL_CONVERSION = YES;
				CLANG_WARN_COMMA = YES;
				CLANG_WARN_CONSTANT_CONVERSION = YES;
				CLANG_WARN_DEPRECATED_OBJC_IMPLEMENTATIONS = YES;
				CLANG_WARN_DIRECT_OBJC_ISA_USAGE = YES_ERROR;
				CLANG_WARN_DOCUMENTATION_COMMENTS = YES;
				CLANG_WARN_EMPTY_BODY = YES;
				CLANG_WARN_ENUM_CONVERSION = YES;
				CLANG_WARN_INFINITE_RECURSION = YES;
				CLANG_WARN_INT_CONVERSION = YES;
				CLANG_WARN_NON_LITERAL_NULL_CONVERSION = YES;
				CLANG_WARN_OBJC_IMPLICIT_RETAIN_SELF = YES;
				CLANG_WARN_OBJC_LITERAL_CONVERSION = YES;
				CLANG_WARN_OBJC_ROOT_CLASS = YES_ERROR;
				CLANG_WARN_QUOTED_INCLUDE_IN_FRAMEWORK_HEADER = YES;
				CLANG_WARN_RANGE_LOOP_ANALYSIS = YES;
				CLANG_WARN_STRICT_PROTOTYPES = YES;
				CLANG_WARN_SUSPICIOUS_MOVE = YES;
				CLANG_WARN_UNGUARDED_AVAILABILITY = YES_AGGRESSIVE;
				CLANG_WARN_UNREACHABLE_CODE = YES;
				CLANG_WARN__DUPLICATE_METHOD_MATCH = YES;
				COPY_PHASE_STRIP = NO;
				DEBUG_INFORMATION_FORMAT = dwarf;
				ENABLE_STRICT_OBJC_MSGSEND = YES;
				ENABLE_TESTABILITY = YES;
				ENABLE_USER_SCRIPT_SANDBOXING = YES;
				GCC_C_LANGUAGE_STANDARD = gnu17;
				GCC_DYNAMIC_NO_PIC = NO;
				GCC_NO_COMMON_BLOCKS = YES;
				GCC_OPTIMIZATION_LEVEL = 0;
				GCC_PREPROCESSOR_DEFINITIONS = (
					"DEBUG=1",
					"$(inherited)",
				);
				GCC_WARN_64_TO_32_BIT_CONVERSION = YES;
				GCC_WARN_ABOUT_RETURN_TYPE = YES_ERROR;
				GCC_WARN_UNDECLARED_SELECTOR = YES;
				GCC_WARN_UNINITIALIZED_AUTOS = YES_AGGRESSIVE;
				GCC_WARN_UNUSED_FUNCTION = YES;
				GCC_WARN_UNUSED_VARIABLE = YES;
				IPHONEOS_DEPLOYMENT_TARGET = 17.0;
				LOCALIZATION_PREFERS_STRING_CATALOGS = YES;
				MTL_ENABLE_DEBUG_INFO = INCLUDE_SOURCE;
				MTL_FAST_MATH = YES;
				ONLY_ACTIVE_ARCH = YES;
				SDKROOT = iphoneos;
				SWIFT_ACTIVE_COMPILATION_CONDITIONS = "DEBUG $(inherited)";
				SWIFT_OPTIMIZATION_LEVEL = "-Onone";
			};
			name = Debug;
		};
		A768770A2B6ADB9000F95E44 /* Release */ = {
			isa = XCBuildConfiguration;
			buildSettings = {
				ALWAYS_SEARCH_USER_PATHS = NO;
				ASSETCATALOG_COMPILER_GENERATE_SWIFT_ASSET_SYMBOL_EXTENSIONS = YES;
				CLANG_ANALYZER_NONNULL = YES;
				CLANG_ANALYZER_NUMBER_OBJECT_CONVERSION = YES_AGGRESSIVE;
				CLANG_CXX_LANGUAGE_STANDARD = "gnu++20";
				CLANG_ENABLE_MODULES = YES;
				CLANG_ENABLE_OBJC_ARC = YES;
				CLANG_ENABLE_OBJC_WEAK = YES;
				CLANG_WARN_BLOCK_CAPTURE_AUTORELEASING = YES;
				CLANG_WARN_BOOL_CONVERSION = YES;
				CLANG_WARN_COMMA = YES;
				CLANG_WARN_CONSTANT_CONVERSION = YES;
				CLANG_WARN_DEPRECATED_OBJC_IMPLEMENTATIONS = YES;
				CLANG_WARN_DIRECT_OBJC_ISA_USAGE = YES_ERROR;
				CLANG_WARN_DOCUMENTATION_COMMENTS = YES;
				CLANG_WARN_EMPTY_BODY = YES;
				CLANG_WARN_ENUM_CONVERSION = YES;
				CLANG_WARN_INFINITE_RECURSION = YES;
				CLANG_WARN_INT_CONVERSION = YES;
				CLANG_WARN_NON_LITERAL_NULL_CONVERSION = YES;
				CLANG_WARN_OBJC_IMPLICIT_RETAIN_SELF = YES;
				CLANG_WARN_OBJC_LITERAL_CONVERSION = YES;
				CLANG_WARN_OBJC_ROOT_CLASS = YES_ERROR;
				CLANG_WARN_QUOTED_INCLUDE_IN_FRAMEWORK_HEADER = YES;
				CLANG_WARN_RANGE_LOOP_ANALYSIS = YES;
				CLANG_WARN_STRICT_PROTOTYPES = YES;
				CLANG_WARN_SUSPICIOUS_MOVE = YES;
				CLANG_WARN_UNGUARDED_AVAILABILITY = YES_AGGRESSIVE;
				CLANG_WARN_UNREACHABLE_CODE = YES;
				CLANG_WARN__DUPLICATE_METHOD_MATCH = YES;
				COPY_PHASE_STRIP = NO;
				DEBUG_INFORMATION_FORMAT = "dwarf-with-dsym";
				ENABLE_NS_ASSERTIONS = NO;
				ENABLE_STRICT_OBJC_MSGSEND = YES;
				ENABLE_USER_SCRIPT_SANDBOXING = YES;
				GCC_C_LANGUAGE_STANDARD = gnu17;
				GCC_NO_COMMON_BLOCKS = YES;
				GCC_WARN_64_TO_32_BIT_CONVERSION = YES;
				GCC_WARN_ABOUT_RETURN_TYPE = YES_ERROR;
				GCC_WARN_UNDECLARED_SELECTOR = YES;
				GCC_WARN_UNINITIALIZED_AUTOS = YES_AGGRESSIVE;
				GCC_WARN_UNUSED_FUNCTION = YES;
				GCC_WARN_UNUSED_VARIABLE = YES;
				IPHONEOS_DEPLOYMENT_TARGET = 17.0;
				LOCALIZATION_PREFERS_STRING_CATALOGS = YES;
				MTL_ENABLE_DEBUG_INFO = NO;
				MTL_FAST_MATH = YES;
				SDKROOT = iphoneos;
				SWIFT_COMPILATION_MODE = wholemodule;
				VALIDATE_PRODUCT = YES;
			};
			name = Release;
		};
		A768770C2B6ADB9000F95E44 /* Debug */ = {
			isa = XCBuildConfiguration;
			buildSettings = {
				ASSETCATALOG_COMPILER_APPICON_NAME = AppIcon;
				ASSETCATALOG_COMPILER_GLOBAL_ACCENT_COLOR_NAME = AccentColor;
				CODE_SIGN_STYLE = Automatic;
				CURRENT_PROJECT_VERSION = 1;
				DEVELOPMENT_ASSET_PATHS = "\"AIAR/Preview Content\"";
				DEVELOPMENT_TEAM = MWMP5VYB7V;
				ENABLE_PREVIEWS = YES;
				GENERATE_INFOPLIST_FILE = YES;
				INFOPLIST_FILE = AIAR/Info.plist;
				INFOPLIST_KEY_CFBundleDisplayName = "";
				INFOPLIST_KEY_LSApplicationCategoryType = "";
				INFOPLIST_KEY_NSCameraUsageDescription = "Needed to show AR View";
				INFOPLIST_KEY_NSPhotoLibraryAddUsageDescription = "Allows to save QR Code";
				INFOPLIST_KEY_UIApplicationSceneManifest_Generation = YES;
				INFOPLIST_KEY_UIApplicationSupportsIndirectInputEvents = YES;
				INFOPLIST_KEY_UILaunchScreen_Generation = YES;
				INFOPLIST_KEY_UISupportedInterfaceOrientations_iPad = "UIInterfaceOrientationPortrait UIInterfaceOrientationPortraitUpsideDown UIInterfaceOrientationLandscapeLeft UIInterfaceOrientationLandscapeRight";
				INFOPLIST_KEY_UISupportedInterfaceOrientations_iPhone = "UIInterfaceOrientationPortrait UIInterfaceOrientationLandscapeLeft UIInterfaceOrientationLandscapeRight";
				IPHONEOS_DEPLOYMENT_TARGET = 17.0;
				LD_RUNPATH_SEARCH_PATHS = (
					"$(inherited)",
					"@executable_path/Frameworks",
				);
				MARKETING_VERSION = 1.2;
				PRODUCT_BUNDLE_IDENTIFIER = com.galasa.stuart;
				PRODUCT_NAME = "$(TARGET_NAME)";
				SWIFT_EMIT_LOC_STRINGS = YES;
				SWIFT_VERSION = 5.0;
				TARGETED_DEVICE_FAMILY = "1,2";
			};
			name = Debug;
		};
		A768770D2B6ADB9000F95E44 /* Release */ = {
			isa = XCBuildConfiguration;
			buildSettings = {
				ASSETCATALOG_COMPILER_APPICON_NAME = AppIcon;
				ASSETCATALOG_COMPILER_GLOBAL_ACCENT_COLOR_NAME = AccentColor;
				CODE_SIGN_STYLE = Automatic;
				CURRENT_PROJECT_VERSION = 1;
				DEVELOPMENT_ASSET_PATHS = "\"AIAR/Preview Content\"";
				DEVELOPMENT_TEAM = MWMP5VYB7V;
				ENABLE_PREVIEWS = YES;
				GENERATE_INFOPLIST_FILE = YES;
				INFOPLIST_FILE = AIAR/Info.plist;
				INFOPLIST_KEY_CFBundleDisplayName = "";
				INFOPLIST_KEY_LSApplicationCategoryType = "";
				INFOPLIST_KEY_NSCameraUsageDescription = "Needed to show AR View";
				INFOPLIST_KEY_NSPhotoLibraryAddUsageDescription = "Allows to save QR Code";
				INFOPLIST_KEY_UIApplicationSceneManifest_Generation = YES;
				INFOPLIST_KEY_UIApplicationSupportsIndirectInputEvents = YES;
				INFOPLIST_KEY_UILaunchScreen_Generation = YES;
				INFOPLIST_KEY_UISupportedInterfaceOrientations_iPad = "UIInterfaceOrientationPortrait UIInterfaceOrientationPortraitUpsideDown UIInterfaceOrientationLandscapeLeft UIInterfaceOrientationLandscapeRight";
				INFOPLIST_KEY_UISupportedInterfaceOrientations_iPhone = "UIInterfaceOrientationPortrait UIInterfaceOrientationLandscapeLeft UIInterfaceOrientationLandscapeRight";
				IPHONEOS_DEPLOYMENT_TARGET = 17.0;
				LD_RUNPATH_SEARCH_PATHS = (
					"$(inherited)",
					"@executable_path/Frameworks",
				);
				MARKETING_VERSION = 1.2;
				PRODUCT_BUNDLE_IDENTIFIER = com.galasa.stuart;
				PRODUCT_NAME = "$(TARGET_NAME)";
				SWIFT_EMIT_LOC_STRINGS = YES;
				SWIFT_VERSION = 5.0;
				TARGETED_DEVICE_FAMILY = "1,2";
			};
			name = Release;
		};
		A768770F2B6ADB9000F95E44 /* Debug */ = {
			isa = XCBuildConfiguration;
			buildSettings = {
				ALWAYS_EMBED_SWIFT_STANDARD_LIBRARIES = YES;
				BUNDLE_LOADER = "$(TEST_HOST)";
				"CODE_SIGN_IDENTITY[sdk=macosx*]" = "Apple Development";
				CODE_SIGN_STYLE = Automatic;
				CURRENT_PROJECT_VERSION = 1;
				DEVELOPMENT_TEAM = MWMP5VYB7V;
				GENERATE_INFOPLIST_FILE = YES;
				IPHONEOS_DEPLOYMENT_TARGET = 17.0;
				MARKETING_VERSION = 1.0;
				PRODUCT_BUNDLE_IDENTIFIER = com.galasa.stuart;
				PRODUCT_NAME = "$(TARGET_NAME)";
				SWIFT_EMIT_LOC_STRINGS = NO;
				SWIFT_VERSION = 5.0;
				TARGETED_DEVICE_FAMILY = "1,2";
				TEST_HOST = "$(BUILT_PRODUCTS_DIR)/AIAR.app/$(BUNDLE_EXECUTABLE_FOLDER_PATH)/AIAR";
			};
			name = Debug;
		};
		A76877102B6ADB9000F95E44 /* Release */ = {
			isa = XCBuildConfiguration;
			buildSettings = {
				ALWAYS_EMBED_SWIFT_STANDARD_LIBRARIES = YES;
				BUNDLE_LOADER = "$(TEST_HOST)";
				"CODE_SIGN_IDENTITY[sdk=macosx*]" = "Apple Development";
				CODE_SIGN_STYLE = Automatic;
				CURRENT_PROJECT_VERSION = 1;
				DEVELOPMENT_TEAM = MWMP5VYB7V;
				GENERATE_INFOPLIST_FILE = YES;
				IPHONEOS_DEPLOYMENT_TARGET = 17.0;
				MARKETING_VERSION = 1.0;
				PRODUCT_BUNDLE_IDENTIFIER = com.galasa.stuart;
				PRODUCT_NAME = "$(TARGET_NAME)";
				SWIFT_EMIT_LOC_STRINGS = NO;
				SWIFT_VERSION = 5.0;
				TARGETED_DEVICE_FAMILY = "1,2";
				TEST_HOST = "$(BUILT_PRODUCTS_DIR)/AIAR.app/$(BUNDLE_EXECUTABLE_FOLDER_PATH)/AIAR";
			};
			name = Release;
		};
		A76877122B6ADB9000F95E44 /* Debug */ = {
			isa = XCBuildConfiguration;
			buildSettings = {
				ALWAYS_EMBED_SWIFT_STANDARD_LIBRARIES = YES;
				CODE_SIGN_STYLE = Automatic;
				CURRENT_PROJECT_VERSION = 1;
				DEVELOPMENT_TEAM = MWMP5VYB7V;
				GENERATE_INFOPLIST_FILE = YES;
				MARKETING_VERSION = 1.0;
				PRODUCT_BUNDLE_IDENTIFIER = com.galasa.stuart;
				PRODUCT_NAME = "$(TARGET_NAME)";
				SWIFT_EMIT_LOC_STRINGS = NO;
				SWIFT_VERSION = 5.0;
				TARGETED_DEVICE_FAMILY = "1,2";
				TEST_TARGET_NAME = AIAR;
			};
			name = Debug;
		};
		A76877132B6ADB9000F95E44 /* Release */ = {
			isa = XCBuildConfiguration;
			buildSettings = {
				ALWAYS_EMBED_SWIFT_STANDARD_LIBRARIES = YES;
				CODE_SIGN_STYLE = Automatic;
				CURRENT_PROJECT_VERSION = 1;
				DEVELOPMENT_TEAM = MWMP5VYB7V;
				GENERATE_INFOPLIST_FILE = YES;
				MARKETING_VERSION = 1.0;
				PRODUCT_BUNDLE_IDENTIFIER = com.galasa.stuart;
				PRODUCT_NAME = "$(TARGET_NAME)";
				SWIFT_EMIT_LOC_STRINGS = NO;
				SWIFT_VERSION = 5.0;
				TARGETED_DEVICE_FAMILY = "1,2";
				TEST_TARGET_NAME = AIAR;
			};
			name = Release;
		};
/* End XCBuildConfiguration section */

/* Begin XCConfigurationList section */
		A76876E22B6ADB8F00F95E44 /* Build configuration list for PBXProject "AIAR" */ = {
			isa = XCConfigurationList;
			buildConfigurations = (
				A76877092B6ADB9000F95E44 /* Debug */,
				A768770A2B6ADB9000F95E44 /* Release */,
			);
			defaultConfigurationIsVisible = 0;
			defaultConfigurationName = Release;
		};
		A768770B2B6ADB9000F95E44 /* Build configuration list for PBXNativeTarget "AIAR" */ = {
			isa = XCConfigurationList;
			buildConfigurations = (
				A768770C2B6ADB9000F95E44 /* Debug */,
				A768770D2B6ADB9000F95E44 /* Release */,
			);
			defaultConfigurationIsVisible = 0;
			defaultConfigurationName = Release;
		};
		A768770E2B6ADB9000F95E44 /* Build configuration list for PBXNativeTarget "AIARTests" */ = {
			isa = XCConfigurationList;
			buildConfigurations = (
				A768770F2B6ADB9000F95E44 /* Debug */,
				A76877102B6ADB9000F95E44 /* Release */,
			);
			defaultConfigurationIsVisible = 0;
			defaultConfigurationName = Release;
		};
		A76877112B6ADB9000F95E44 /* Build configuration list for PBXNativeTarget "AIARUITests" */ = {
			isa = XCConfigurationList;
			buildConfigurations = (
				A76877122B6ADB9000F95E44 /* Debug */,
				A76877132B6ADB9000F95E44 /* Release */,
			);
			defaultConfigurationIsVisible = 0;
			defaultConfigurationName = Release;
		};
/* End XCConfigurationList section */

/* Begin XCRemoteSwiftPackageReference section */
		7741CD782BA273270031BAF9 /* XCRemoteSwiftPackageReference "firebase-ios-sdk" */ = {
			isa = XCRemoteSwiftPackageReference;
			repositoryURL = "https://github.com/firebase/firebase-ios-sdk";
			requirement = {
				kind = upToNextMajorVersion;
				minimumVersion = 10.22.1;
			};
		};
/* End XCRemoteSwiftPackageReference section */

/* Begin XCSwiftPackageProductDependency section */
		7741CD7A2BA2734B0031BAF9 /* FirebaseAnalytics */ = {
			isa = XCSwiftPackageProductDependency;
			package = 7741CD782BA273270031BAF9 /* XCRemoteSwiftPackageReference "firebase-ios-sdk" */;
			productName = FirebaseAnalytics;
		};
		7741CD7C2BA2734B0031BAF9 /* FirebaseAnalyticsSwift */ = {
			isa = XCSwiftPackageProductDependency;
			package = 7741CD782BA273270031BAF9 /* XCRemoteSwiftPackageReference "firebase-ios-sdk" */;
			productName = FirebaseAnalyticsSwift;
		};
		7741CD7E2BA2734B0031BAF9 /* FirebaseStorage */ = {
			isa = XCSwiftPackageProductDependency;
			package = 7741CD782BA273270031BAF9 /* XCRemoteSwiftPackageReference "firebase-ios-sdk" */;
			productName = FirebaseStorage;
		};
		A7BAE4CD2BB381DA00C38D7D /* FirebaseAuth */ = {
			isa = XCSwiftPackageProductDependency;
			productName = FirebaseAuth;
		};
		A7BAE4CF2BB381DA00C38D7D /* FirebaseDatabase */ = {
			isa = XCSwiftPackageProductDependency;
			productName = FirebaseDatabase;
		};
		A7BAE4D12BB381DA00C38D7D /* FirebaseFirestore */ = {
			isa = XCSwiftPackageProductDependency;
			productName = FirebaseFirestore;
		};
/* End XCSwiftPackageProductDependency section */
	};
	rootObject = A76876DF2B6ADB8F00F95E44 /* Project object */;
}
