// !$*UTF8*$!
{
	archiveVersion = 1;
	classes = {
	};
	objectVersion = 56;
	objects = {

/* Begin PBXBuildFile section */
		A76876EB2B6ADB8F00F95E44 /* AIARApp.swift in Sources */ = {isa = PBXBuildFile; fileRef = A76876EA2B6ADB8F00F95E44 /* AIARApp.swift */; };
		A76876ED2B6ADB8F00F95E44 /* ARACTUAL.swift in Sources */ = {isa = PBXBuildFile; fileRef = A76876EC2B6ADB8F00F95E44 /* ARACTUAL.swift */; };
		A76876EF2B6ADB9000F95E44 /* Assets.xcassets in Resources */ = {isa = PBXBuildFile; fileRef = A76876EE2B6ADB9000F95E44 /* Assets.xcassets */; };
		A76876F22B6ADB9000F95E44 /* Preview Assets.xcassets in Resources */ = {isa = PBXBuildFile; fileRef = A76876F12B6ADB9000F95E44 /* Preview Assets.xcassets */; };
		A76876FC2B6ADB9000F95E44 /* AIARTests.swift in Sources */ = {isa = PBXBuildFile; fileRef = A76876FB2B6ADB9000F95E44 /* AIARTests.swift */; };
		A76877062B6ADB9000F95E44 /* AIARUITests.swift in Sources */ = {isa = PBXBuildFile; fileRef = A76877052B6ADB9000F95E44 /* AIARUITests.swift */; };
		A76877082B6ADB9000F95E44 /* AIARUITestsLaunchTests.swift in Sources */ = {isa = PBXBuildFile; fileRef = A76877072B6ADB9000F95E44 /* AIARUITestsLaunchTests.swift */; };
		A76877162B6ADC1700F95E44 /* ARAction.swift in Sources */ = {isa = PBXBuildFile; fileRef = A76877152B6ADC1700F95E44 /* ARAction.swift */; };
		A76877182B6ADC2A00F95E44 /* ARManager.swift in Sources */ = {isa = PBXBuildFile; fileRef = A76877172B6ADC2900F95E44 /* ARManager.swift */; };
		A768771A2B6ADC3F00F95E44 /* ARView.swift in Sources */ = {isa = PBXBuildFile; fileRef = A76877192B6ADC3F00F95E44 /* ARView.swift */; };
		A768771C2B6ADC5E00F95E44 /* ARViewRepresentable.swift in Sources */ = {isa = PBXBuildFile; fileRef = A768771B2B6ADC5E00F95E44 /* ARViewRepresentable.swift */; };
		A768771E2B6AE09300F95E44 /* ContentView.swift in Sources */ = {isa = PBXBuildFile; fileRef = A768771D2B6AE09300F95E44 /* ContentView.swift */; };
		A76877202B6AE0FF00F95E44 /* team.swift in Sources */ = {isa = PBXBuildFile; fileRef = A768771F2B6AE0FF00F95E44 /* team.swift */; };
		A76877222B6AEB4200F95E44 /* boxTest6.rcproject in Sources */ = {isa = PBXBuildFile; fileRef = A76877212B6AEB4200F95E44 /* boxTest6.rcproject */; };
		A768775C2B72439D00F95E44 /* word2test.rcproject in Sources */ = {isa = PBXBuildFile; fileRef = A768775B2B72439D00F95E44 /* word2test.rcproject */; };
/* End PBXBuildFile section */

/* Begin PBXContainerItemProxy section */
		A76876F82B6ADB9000F95E44 /* PBXContainerItemProxy */ = {
			isa = PBXContainerItemProxy;
			containerPortal = A76876DF2B6ADB8F00F95E44 /* Project object */;
			proxyType = 1;
			remoteGlobalIDString = A76876E62B6ADB8F00F95E44;
			remoteInfo = AIAR;
		};
		A76877022B6ADB9000F95E44 /* PBXContainerItemProxy */ = {
			isa = PBXContainerItemProxy;
			containerPortal = A76876DF2B6ADB8F00F95E44 /* Project object */;
			proxyType = 1;
			remoteGlobalIDString = A76876E62B6ADB8F00F95E44;
			remoteInfo = AIAR;
		};
/* End PBXContainerItemProxy section */

/* Begin PBXFileReference section */
		A76876E72B6ADB8F00F95E44 /* AIAR.app */ = {isa = PBXFileReference; explicitFileType = wrapper.application; includeInIndex = 0; path = AIAR.app; sourceTree = BUILT_PRODUCTS_DIR; };
		A76876EA2B6ADB8F00F95E44 /* AIARApp.swift */ = {isa = PBXFileReference; lastKnownFileType = sourcecode.swift; path = AIARApp.swift; sourceTree = "<group>"; };
		A76876EC2B6ADB8F00F95E44 /* ARACTUAL.swift */ = {isa = PBXFileReference; lastKnownFileType = sourcecode.swift; path = ARACTUAL.swift; sourceTree = "<group>"; };
		A76876EE2B6ADB9000F95E44 /* Assets.xcassets */ = {isa = PBXFileReference; lastKnownFileType = folder.assetcatalog; path = Assets.xcassets; sourceTree = "<group>"; };
		A76876F12B6ADB9000F95E44 /* Preview Assets.xcassets */ = {isa = PBXFileReference; lastKnownFileType = folder.assetcatalog; path = "Preview Assets.xcassets"; sourceTree = "<group>"; };
		A76876F72B6ADB9000F95E44 /* AIARTests.xctest */ = {isa = PBXFileReference; explicitFileType = wrapper.cfbundle; includeInIndex = 0; path = AIARTests.xctest; sourceTree = BUILT_PRODUCTS_DIR; };
		A76876FB2B6ADB9000F95E44 /* AIARTests.swift */ = {isa = PBXFileReference; lastKnownFileType = sourcecode.swift; path = AIARTests.swift; sourceTree = "<group>"; };
		A76877012B6ADB9000F95E44 /* AIARUITests.xctest */ = {isa = PBXFileReference; explicitFileType = wrapper.cfbundle; includeInIndex = 0; path = AIARUITests.xctest; sourceTree = BUILT_PRODUCTS_DIR; };
		A76877052B6ADB9000F95E44 /* AIARUITests.swift */ = {isa = PBXFileReference; lastKnownFileType = sourcecode.swift; path = AIARUITests.swift; sourceTree = "<group>"; };
		A76877072B6ADB9000F95E44 /* AIARUITestsLaunchTests.swift */ = {isa = PBXFileReference; lastKnownFileType = sourcecode.swift; path = AIARUITestsLaunchTests.swift; sourceTree = "<group>"; };
		A76877152B6ADC1700F95E44 /* ARAction.swift */ = {isa = PBXFileReference; lastKnownFileType = sourcecode.swift; path = ARAction.swift; sourceTree = "<group>"; };
		A76877172B6ADC2900F95E44 /* ARManager.swift */ = {isa = PBXFileReference; lastKnownFileType = sourcecode.swift; path = ARManager.swift; sourceTree = "<group>"; };
		A76877192B6ADC3F00F95E44 /* ARView.swift */ = {isa = PBXFileReference; lastKnownFileType = sourcecode.swift; path = ARView.swift; sourceTree = "<group>"; };
		A768771B2B6ADC5E00F95E44 /* ARViewRepresentable.swift */ = {isa = PBXFileReference; lastKnownFileType = sourcecode.swift; path = ARViewRepresentable.swift; sourceTree = "<group>"; };
		A768771D2B6AE09300F95E44 /* ContentView.swift */ = {isa = PBXFileReference; lastKnownFileType = sourcecode.swift; path = ContentView.swift; sourceTree = "<group>"; };
		A768771F2B6AE0FF00F95E44 /* team.swift */ = {isa = PBXFileReference; lastKnownFileType = sourcecode.swift; path = team.swift; sourceTree = "<group>"; };
		A76877212B6AEB4200F95E44 /* boxTest6.rcproject */ = {isa = PBXFileReference; lastKnownFileType = file.rcproject; path = boxTest6.rcproject; sourceTree = "<group>"; };
		A768775B2B72439D00F95E44 /* word2test.rcproject */ = {isa = PBXFileReference; lastKnownFileType = file.rcproject; path = word2test.rcproject; sourceTree = "<group>"; };
/* End PBXFileReference section */

/* Begin PBXFrameworksBuildPhase section */
		A76876E42B6ADB8F00F95E44 /* Frameworks */ = {
			isa = PBXFrameworksBuildPhase;
			buildActionMask = 2147483647;
			files = (
			);
			runOnlyForDeploymentPostprocessing = 0;
		};
		A76876F42B6ADB9000F95E44 /* Frameworks */ = {
			isa = PBXFrameworksBuildPhase;
			buildActionMask = 2147483647;
			files = (
			);
			runOnlyForDeploymentPostprocessing = 0;
		};
		A76876FE2B6ADB9000F95E44 /* Frameworks */ = {
			isa = PBXFrameworksBuildPhase;
			buildActionMask = 2147483647;
			files = (
			);
			runOnlyForDeploymentPostprocessing = 0;
		};
/* End PBXFrameworksBuildPhase section */

/* Begin PBXGroup section */
		A76876DE2B6ADB8F00F95E44 = {
			isa = PBXGroup;
			children = (
				A76876E92B6ADB8F00F95E44 /* AIAR */,
				A76876FA2B6ADB9000F95E44 /* AIARTests */,
				A76877042B6ADB9000F95E44 /* AIARUITests */,
				A76876E82B6ADB8F00F95E44 /* Products */,
			);
			sourceTree = "<group>";
		};
		A76876E82B6ADB8F00F95E44 /* Products */ = {
			isa = PBXGroup;
			children = (
				A76876E72B6ADB8F00F95E44 /* AIAR.app */,
				A76876F72B6ADB9000F95E44 /* AIARTests.xctest */,
				A76877012B6ADB9000F95E44 /* AIARUITests.xctest */,
			);
			name = Products;
			sourceTree = "<group>";
		};
		A76876E92B6ADB8F00F95E44 /* AIAR */ = {
			isa = PBXGroup;
			children = (
				A76877142B6ADBA300F95E44 /* Feature Targets */,
				A76876EA2B6ADB8F00F95E44 /* AIARApp.swift */,
				A76876EE2B6ADB9000F95E44 /* Assets.xcassets */,
				A768775B2B72439D00F95E44 /* word2test.rcproject */,
				A76877212B6AEB4200F95E44 /* boxTest6.rcproject */,
				A76876F02B6ADB9000F95E44 /* Preview Content */,
			);
			path = AIAR;
			sourceTree = "<group>";
		};
		A76876F02B6ADB9000F95E44 /* Preview Content */ = {
			isa = PBXGroup;
			children = (
				A76876F12B6ADB9000F95E44 /* Preview Assets.xcassets */,
			);
			path = "Preview Content";
			sourceTree = "<group>";
		};
		A76876FA2B6ADB9000F95E44 /* AIARTests */ = {
			isa = PBXGroup;
			children = (
				A76876FB2B6ADB9000F95E44 /* AIARTests.swift */,
			);
			path = AIARTests;
			sourceTree = "<group>";
		};
		A76877042B6ADB9000F95E44 /* AIARUITests */ = {
			isa = PBXGroup;
			children = (
				A76877052B6ADB9000F95E44 /* AIARUITests.swift */,
				A76877072B6ADB9000F95E44 /* AIARUITestsLaunchTests.swift */,
			);
			path = AIARUITests;
			sourceTree = "<group>";
		};
		A76877142B6ADBA300F95E44 /* Feature Targets */ = {
			isa = PBXGroup;
			children = (
				A76876EC2B6ADB8F00F95E44 /* ARACTUAL.swift */,
				A76877152B6ADC1700F95E44 /* ARAction.swift */,
				A76877172B6ADC2900F95E44 /* ARManager.swift */,
				A76877192B6ADC3F00F95E44 /* ARView.swift */,
				A768771B2B6ADC5E00F95E44 /* ARViewRepresentable.swift */,
				A768771D2B6AE09300F95E44 /* ContentView.swift */,
				A768771F2B6AE0FF00F95E44 /* team.swift */,
			);
			path = "Feature Targets";
			sourceTree = "<group>";
		};
/* End PBXGroup section */

/* Begin PBXNativeTarget section */
		A76876E62B6ADB8F00F95E44 /* AIAR */ = {
			isa = PBXNativeTarget;
			buildConfigurationList = A768770B2B6ADB9000F95E44 /* Build configuration list for PBXNativeTarget "AIAR" */;
			buildPhases = (
				A76876E32B6ADB8F00F95E44 /* Sources */,
				A76876E42B6ADB8F00F95E44 /* Frameworks */,
				A76876E52B6ADB8F00F95E44 /* Resources */,
			);
			buildRules = (
			);
			dependencies = (
			);
			name = AIAR;
			productName = AIAR;
			productReference = A76876E72B6ADB8F00F95E44 /* AIAR.app */;
			productType = "com.apple.product-type.application";
		};
		A76876F62B6ADB9000F95E44 /* AIARTests */ = {
			isa = PBXNativeTarget;
			buildConfigurationList = A768770E2B6ADB9000F95E44 /* Build configuration list for PBXNativeTarget "AIARTests" */;
			buildPhases = (
				A76876F32B6ADB9000F95E44 /* Sources */,
				A76876F42B6ADB9000F95E44 /* Frameworks */,
				A76876F52B6ADB9000F95E44 /* Resources */,
			);
			buildRules = (
			);
			dependencies = (
				A76876F92B6ADB9000F95E44 /* PBXTargetDependency */,
			);
			name = AIARTests;
			productName = AIARTests;
			productReference = A76876F72B6ADB9000F95E44 /* AIARTests.xctest */;
			productType = "com.apple.product-type.bundle.unit-test";
		};
		A76877002B6ADB9000F95E44 /* AIARUITests */ = {
			isa = PBXNativeTarget;
			buildConfigurationList = A76877112B6ADB9000F95E44 /* Build configuration list for PBXNativeTarget "AIARUITests" */;
			buildPhases = (
				A76876FD2B6ADB9000F95E44 /* Sources */,
				A76876FE2B6ADB9000F95E44 /* Frameworks */,
				A76876FF2B6ADB9000F95E44 /* Resources */,
			);
			buildRules = (
			);
			dependencies = (
				A76877032B6ADB9000F95E44 /* PBXTargetDependency */,
			);
			name = AIARUITests;
			productName = AIARUITests;
			productReference = A76877012B6ADB9000F95E44 /* AIARUITests.xctest */;
			productType = "com.apple.product-type.bundle.ui-testing";
		};
/* End PBXNativeTarget section */

/* Begin PBXProject section */
		A76876DF2B6ADB8F00F95E44 /* Project object */ = {
			isa = PBXProject;
			attributes = {
				BuildIndependentTargetsInParallel = 1;
				LastSwiftUpdateCheck = 1500;
				LastUpgradeCheck = 1500;
				TargetAttributes = {
					A76876E62B6ADB8F00F95E44 = {
						CreatedOnToolsVersion = 15.0.1;
					};
					A76876F62B6ADB9000F95E44 = {
						CreatedOnToolsVersion = 15.0.1;
						TestTargetID = A76876E62B6ADB8F00F95E44;
					};
					A76877002B6ADB9000F95E44 = {
						CreatedOnToolsVersion = 15.0.1;
						TestTargetID = A76876E62B6ADB8F00F95E44;
					};
				};
			};
			buildConfigurationList = A76876E22B6ADB8F00F95E44 /* Build configuration list for PBXProject "AIAR" */;
			compatibilityVersion = "Xcode 14.0";
			developmentRegion = en;
			hasScannedForEncodings = 0;
			knownRegions = (
				en,
				Base,
			);
			mainGroup = A76876DE2B6ADB8F00F95E44;
			productRefGroup = A76876E82B6ADB8F00F95E44 /* Products */;
			projectDirPath = "";
			projectRoot = "";
			targets = (
				A76876E62B6ADB8F00F95E44 /* AIAR */,
				A76876F62B6ADB9000F95E44 /* AIARTests */,
				A76877002B6ADB9000F95E44 /* AIARUITests */,
			);
		};
/* End PBXProject section */

/* Begin PBXResourcesBuildPhase section */
		A76876E52B6ADB8F00F95E44 /* Resources */ = {
			isa = PBXResourcesBuildPhase;
			buildActionMask = 2147483647;
			files = (
				A76876F22B6ADB9000F95E44 /* Preview Assets.xcassets in Resources */,
				A76876EF2B6ADB9000F95E44 /* Assets.xcassets in Resources */,
			);
			runOnlyForDeploymentPostprocessing = 0;
		};
		A76876F52B6ADB9000F95E44 /* Resources */ = {
			isa = PBXResourcesBuildPhase;
			buildActionMask = 2147483647;
			files = (
			);
			runOnlyForDeploymentPostprocessing = 0;
		};
		A76876FF2B6ADB9000F95E44 /* Resources */ = {
			isa = PBXResourcesBuildPhase;
			buildActionMask = 2147483647;
			files = (
			);
			runOnlyForDeploymentPostprocessing = 0;
		};
/* End PBXResourcesBuildPhase section */

/* Begin PBXSourcesBuildPhase section */
		A76876E32B6ADB8F00F95E44 /* Sources */ = {
			isa = PBXSourcesBuildPhase;
			buildActionMask = 2147483647;
			files = (
				A768771A2B6ADC3F00F95E44 /* ARView.swift in Sources */,
				A76877182B6ADC2A00F95E44 /* ARManager.swift in Sources */,
				A768771C2B6ADC5E00F95E44 /* ARViewRepresentable.swift in Sources */,
				A76876ED2B6ADB8F00F95E44 /* ARACTUAL.swift in Sources */,
				A76877202B6AE0FF00F95E44 /* team.swift in Sources */,
				A768771E2B6AE09300F95E44 /* ContentView.swift in Sources */,
				A76876EB2B6ADB8F00F95E44 /* AIARApp.swift in Sources */,
				A76877222B6AEB4200F95E44 /* boxTest6.rcproject in Sources */,
				A76877162B6ADC1700F95E44 /* ARAction.swift in Sources */,
				A768775C2B72439D00F95E44 /* word2test.rcproject in Sources */,
			);
			runOnlyForDeploymentPostprocessing = 0;
		};
		A76876F32B6ADB9000F95E44 /* Sources */ = {
			isa = PBXSourcesBuildPhase;
			buildActionMask = 2147483647;
			files = (
				A76876FC2B6ADB9000F95E44 /* AIARTests.swift in Sources */,
			);
			runOnlyForDeploymentPostprocessing = 0;
		};
		A76876FD2B6ADB9000F95E44 /* Sources */ = {
			isa = PBXSourcesBuildPhase;
			buildActionMask = 2147483647;
			files = (
				A76877062B6ADB9000F95E44 /* AIARUITests.swift in Sources */,
				A76877082B6ADB9000F95E44 /* AIARUITestsLaunchTests.swift in Sources */,
			);
			runOnlyForDeploymentPostprocessing = 0;
		};
/* End PBXSourcesBuildPhase section */

/* Begin PBXTargetDependency section */
		A76876F92B6ADB9000F95E44 /* PBXTargetDependency */ = {
			isa = PBXTargetDependency;
			target = A76876E62B6ADB8F00F95E44 /* AIAR */;
			targetProxy = A76876F82B6ADB9000F95E44 /* PBXContainerItemProxy */;
		};
		A76877032B6ADB9000F95E44 /* PBXTargetDependency */ = {
			isa = PBXTargetDependency;
			target = A76876E62B6ADB8F00F95E44 /* AIAR */;
			targetProxy = A76877022B6ADB9000F95E44 /* PBXContainerItemProxy */;
		};
/* End PBXTargetDependency section */

/* Begin XCBuildConfiguration section */
		A76877092B6ADB9000F95E44 /* Debug */ = {
			isa = XCBuildConfiguration;
			buildSettings = {
				ALWAYS_SEARCH_USER_PATHS = NO;
				ASSETCATALOG_COMPILER_GENERATE_SWIFT_ASSET_SYMBOL_EXTENSIONS = YES;
				CLANG_ANALYZER_NONNULL = YES;
				CLANG_ANALYZER_NUMBER_OBJECT_CONVERSION = YES_AGGRESSIVE;
				CLANG_CXX_LANGUAGE_STANDARD = "gnu++20";
				CLANG_ENABLE_MODULES = YES;
				CLANG_ENABLE_OBJC_ARC = YES;
				CLANG_ENABLE_OBJC_WEAK = YES;
				CLANG_WARN_BLOCK_CAPTURE_AUTORELEASING = YES;
				CLANG_WARN_BOOL_CONVERSION = YES;
				CLANG_WARN_COMMA = YES;
				CLANG_WARN_CONSTANT_CONVERSION = YES;
				CLANG_WARN_DEPRECATED_OBJC_IMPLEMENTATIONS = YES;
				CLANG_WARN_DIRECT_OBJC_ISA_USAGE = YES_ERROR;
				CLANG_WARN_DOCUMENTATION_COMMENTS = YES;
				CLANG_WARN_EMPTY_BODY = YES;
				CLANG_WARN_ENUM_CONVERSION = YES;
				CLANG_WARN_INFINITE_RECURSION = YES;
				CLANG_WARN_INT_CONVERSION = YES;
				CLANG_WARN_NON_LITERAL_NULL_CONVERSION = YES;
				CLANG_WARN_OBJC_IMPLICIT_RETAIN_SELF = YES;
				CLANG_WARN_OBJC_LITERAL_CONVERSION = YES;
				CLANG_WARN_OBJC_ROOT_CLASS = YES_ERROR;
				CLANG_WARN_QUOTED_INCLUDE_IN_FRAMEWORK_HEADER = YES;
				CLANG_WARN_RANGE_LOOP_ANALYSIS = YES;
				CLANG_WARN_STRICT_PROTOTYPES = YES;
				CLANG_WARN_SUSPICIOUS_MOVE = YES;
				CLANG_WARN_UNGUARDED_AVAILABILITY = YES_AGGRESSIVE;
				CLANG_WARN_UNREACHABLE_CODE = YES;
				CLANG_WARN__DUPLICATE_METHOD_MATCH = YES;
				COPY_PHASE_STRIP = NO;
				DEBUG_INFORMATION_FORMAT = dwarf;
				ENABLE_STRICT_OBJC_MSGSEND = YES;
				ENABLE_TESTABILITY = YES;
				ENABLE_USER_SCRIPT_SANDBOXING = YES;
				GCC_C_LANGUAGE_STANDARD = gnu17;
				GCC_DYNAMIC_NO_PIC = NO;
				GCC_NO_COMMON_BLOCKS = YES;
				GCC_OPTIMIZATION_LEVEL = 0;
				GCC_PREPROCESSOR_DEFINITIONS = (
					"DEBUG=1",
					"$(inherited)",
				);
				GCC_WARN_64_TO_32_BIT_CONVERSION = YES;
				GCC_WARN_ABOUT_RETURN_TYPE = YES_ERROR;
				GCC_WARN_UNDECLARED_SELECTOR = YES;
				GCC_WARN_UNINITIALIZED_AUTOS = YES_AGGRESSIVE;
				GCC_WARN_UNUSED_FUNCTION = YES;
				GCC_WARN_UNUSED_VARIABLE = YES;
				IPHONEOS_DEPLOYMENT_TARGET = 17.0;
				LOCALIZATION_PREFERS_STRING_CATALOGS = YES;
				MTL_ENABLE_DEBUG_INFO = INCLUDE_SOURCE;
				MTL_FAST_MATH = YES;
				ONLY_ACTIVE_ARCH = YES;
				SDKROOT = iphoneos;
				SWIFT_ACTIVE_COMPILATION_CONDITIONS = "DEBUG $(inherited)";
				SWIFT_OPTIMIZATION_LEVEL = "-Onone";
			};
			name = Debug;
		};
		A768770A2B6ADB9000F95E44 /* Release */ = {
			isa = XCBuildConfiguration;
			buildSettings = {
				ALWAYS_SEARCH_USER_PATHS = NO;
				ASSETCATALOG_COMPILER_GENERATE_SWIFT_ASSET_SYMBOL_EXTENSIONS = YES;
				CLANG_ANALYZER_NONNULL = YES;
				CLANG_ANALYZER_NUMBER_OBJECT_CONVERSION = YES_AGGRESSIVE;
				CLANG_CXX_LANGUAGE_STANDARD = "gnu++20";
				CLANG_ENABLE_MODULES = YES;
				CLANG_ENABLE_OBJC_ARC = YES;
				CLANG_ENABLE_OBJC_WEAK = YES;
				CLANG_WARN_BLOCK_CAPTURE_AUTORELEASING = YES;
				CLANG_WARN_BOOL_CONVERSION = YES;
				CLANG_WARN_COMMA = YES;
				CLANG_WARN_CONSTANT_CONVERSION = YES;
				CLANG_WARN_DEPRECATED_OBJC_IMPLEMENTATIONS = YES;
				CLANG_WARN_DIRECT_OBJC_ISA_USAGE = YES_ERROR;
				CLANG_WARN_DOCUMENTATION_COMMENTS = YES;
				CLANG_WARN_EMPTY_BODY = YES;
				CLANG_WARN_ENUM_CONVERSION = YES;
				CLANG_WARN_INFINITE_RECURSION = YES;
				CLANG_WARN_INT_CONVERSION = YES;
				CLANG_WARN_NON_LITERAL_NULL_CONVERSION = YES;
				CLANG_WARN_OBJC_IMPLICIT_RETAIN_SELF = YES;
				CLANG_WARN_OBJC_LITERAL_CONVERSION = YES;
				CLANG_WARN_OBJC_ROOT_CLASS = YES_ERROR;
				CLANG_WARN_QUOTED_INCLUDE_IN_FRAMEWORK_HEADER = YES;
				CLANG_WARN_RANGE_LOOP_ANALYSIS = YES;
				CLANG_WARN_STRICT_PROTOTYPES = YES;
				CLANG_WARN_SUSPICIOUS_MOVE = YES;
				CLANG_WARN_UNGUARDED_AVAILABILITY = YES_AGGRESSIVE;
				CLANG_WARN_UNREACHABLE_CODE = YES;
				CLANG_WARN__DUPLICATE_METHOD_MATCH = YES;
				COPY_PHASE_STRIP = NO;
				DEBUG_INFORMATION_FORMAT = "dwarf-with-dsym";
				ENABLE_NS_ASSERTIONS = NO;
				ENABLE_STRICT_OBJC_MSGSEND = YES;
				ENABLE_USER_SCRIPT_SANDBOXING = YES;
				GCC_C_LANGUAGE_STANDARD = gnu17;
				GCC_NO_COMMON_BLOCKS = YES;
				GCC_WARN_64_TO_32_BIT_CONVERSION = YES;
				GCC_WARN_ABOUT_RETURN_TYPE = YES_ERROR;
				GCC_WARN_UNDECLARED_SELECTOR = YES;
				GCC_WARN_UNINITIALIZED_AUTOS = YES_AGGRESSIVE;
				GCC_WARN_UNUSED_FUNCTION = YES;
				GCC_WARN_UNUSED_VARIABLE = YES;
				IPHONEOS_DEPLOYMENT_TARGET = 17.0;
				LOCALIZATION_PREFERS_STRING_CATALOGS = YES;
				MTL_ENABLE_DEBUG_INFO = NO;
				MTL_FAST_MATH = YES;
				SDKROOT = iphoneos;
				SWIFT_COMPILATION_MODE = wholemodule;
				VALIDATE_PRODUCT = YES;
			};
			name = Release;
		};
		A768770C2B6ADB9000F95E44 /* Debug */ = {
			isa = XCBuildConfiguration;
			buildSettings = {
				ASSETCATALOG_COMPILER_APPICON_NAME = AppIcon;
				ASSETCATALOG_COMPILER_GLOBAL_ACCENT_COLOR_NAME = AccentColor;
				CODE_SIGN_STYLE = Automatic;
				CURRENT_PROJECT_VERSION = 1;
				DEVELOPMENT_ASSET_PATHS = "\"AIAR/Preview Content\"";
				DEVELOPMENT_TEAM = MWMP5VYB7V;
				ENABLE_PREVIEWS = YES;
				GENERATE_INFOPLIST_FILE = YES;
				INFOPLIST_KEY_NSCameraUsageDescription = "";
				INFOPLIST_KEY_UIApplicationSceneManifest_Generation = YES;
				INFOPLIST_KEY_UIApplicationSupportsIndirectInputEvents = YES;
				INFOPLIST_KEY_UILaunchScreen_Generation = YES;
				INFOPLIST_KEY_UISupportedInterfaceOrientations_iPad = "UIInterfaceOrientationPortrait UIInterfaceOrientationPortraitUpsideDown UIInterfaceOrientationLandscapeLeft UIInterfaceOrientationLandscapeRight";
				INFOPLIST_KEY_UISupportedInterfaceOrientations_iPhone = "UIInterfaceOrientationPortrait UIInterfaceOrientationLandscapeLeft UIInterfaceOrientationLandscapeRight";
				LD_RUNPATH_SEARCH_PATHS = (
					"$(inherited)",
					"@executable_path/Frameworks",
				);
				MARKETING_VERSION = 1.1;
				PRODUCT_BUNDLE_IDENTIFIER = "-.com.galasa.stuart";
				PRODUCT_NAME = "$(TARGET_NAME)";
				SWIFT_EMIT_LOC_STRINGS = YES;
				SWIFT_VERSION = 5.0;
				TARGETED_DEVICE_FAMILY = "1,2";
			};
			name = Debug;
		};
		A768770D2B6ADB9000F95E44 /* Release */ = {
			isa = XCBuildConfiguration;
			buildSettings = {
				ASSETCATALOG_COMPILER_APPICON_NAME = AppIcon;
				ASSETCATALOG_COMPILER_GLOBAL_ACCENT_COLOR_NAME = AccentColor;
				CODE_SIGN_STYLE = Automatic;
				CURRENT_PROJECT_VERSION = 1;
				DEVELOPMENT_ASSET_PATHS = "\"AIAR/Preview Content\"";
				DEVELOPMENT_TEAM = MWMP5VYB7V;
				ENABLE_PREVIEWS = YES;
				GENERATE_INFOPLIST_FILE = YES;
				INFOPLIST_KEY_NSCameraUsageDescription = "";
				INFOPLIST_KEY_UIApplicationSceneManifest_Generation = YES;
				INFOPLIST_KEY_UIApplicationSupportsIndirectInputEvents = YES;
				INFOPLIST_KEY_UILaunchScreen_Generation = YES;
				INFOPLIST_KEY_UISupportedInterfaceOrientations_iPad = "UIInterfaceOrientationPortrait UIInterfaceOrientationPortraitUpsideDown UIInterfaceOrientationLandscapeLeft UIInterfaceOrientationLandscapeRight";
				INFOPLIST_KEY_UISupportedInterfaceOrientations_iPhone = "UIInterfaceOrientationPortrait UIInterfaceOrientationLandscapeLeft UIInterfaceOrientationLandscapeRight";
				LD_RUNPATH_SEARCH_PATHS = (
					"$(inherited)",
					"@executable_path/Frameworks",
				);
				MARKETING_VERSION = 1.1;
				PRODUCT_BUNDLE_IDENTIFIER = com.galasa.stuart;
				PRODUCT_NAME = "$(TARGET_NAME)";
				SWIFT_EMIT_LOC_STRINGS = YES;
				SWIFT_VERSION = 5.0;
				TARGETED_DEVICE_FAMILY = "1,2";
			};
			name = Release;
		};
		A768770F2B6ADB9000F95E44 /* Debug */ = {
			isa = XCBuildConfiguration;
			buildSettings = {
				ALWAYS_EMBED_SWIFT_STANDARD_LIBRARIES = YES;
				BUNDLE_LOADER = "$(TEST_HOST)";
				CODE_SIGN_STYLE = Automatic;
				CURRENT_PROJECT_VERSION = 1;
				DEVELOPMENT_TEAM = MWMP5VYB7V;
				GENERATE_INFOPLIST_FILE = YES;
				IPHONEOS_DEPLOYMENT_TARGET = 17.0;
				MARKETING_VERSION = 1.0;
				PRODUCT_BUNDLE_IDENTIFIER = "-.com.galasa.stuart";
				PRODUCT_NAME = "$(TARGET_NAME)";
				SWIFT_EMIT_LOC_STRINGS = NO;
				SWIFT_VERSION = 5.0;
				TARGETED_DEVICE_FAMILY = "1,2";
				TEST_HOST = "$(BUILT_PRODUCTS_DIR)/AIAR.app/$(BUNDLE_EXECUTABLE_FOLDER_PATH)/AIAR";
			};
			name = Debug;
		};
		A76877102B6ADB9000F95E44 /* Release */ = {
			isa = XCBuildConfiguration;
			buildSettings = {
				ALWAYS_EMBED_SWIFT_STANDARD_LIBRARIES = YES;
				BUNDLE_LOADER = "$(TEST_HOST)";
				CODE_SIGN_STYLE = Automatic;
				CURRENT_PROJECT_VERSION = 1;
				DEVELOPMENT_TEAM = MWMP5VYB7V;
				GENERATE_INFOPLIST_FILE = YES;
				IPHONEOS_DEPLOYMENT_TARGET = 17.0;
				MARKETING_VERSION = 1.0;
				PRODUCT_BUNDLE_IDENTIFIER = com.galasa.stuart;
				PRODUCT_NAME = "$(TARGET_NAME)";
				SWIFT_EMIT_LOC_STRINGS = NO;
				SWIFT_VERSION = 5.0;
				TARGETED_DEVICE_FAMILY = "1,2";
				TEST_HOST = "$(BUILT_PRODUCTS_DIR)/AIAR.app/$(BUNDLE_EXECUTABLE_FOLDER_PATH)/AIAR";
			};
			name = Release;
		};
		A76877122B6ADB9000F95E44 /* Debug */ = {
			isa = XCBuildConfiguration;
			buildSettings = {
				ALWAYS_EMBED_SWIFT_STANDARD_LIBRARIES = YES;
				CODE_SIGN_STYLE = Automatic;
				CURRENT_PROJECT_VERSION = 1;
				GENERATE_INFOPLIST_FILE = YES;
				MARKETING_VERSION = 1.0;
				PRODUCT_BUNDLE_IDENTIFIER = "-.AIARUITests";
				PRODUCT_NAME = "$(TARGET_NAME)";
				SWIFT_EMIT_LOC_STRINGS = NO;
				SWIFT_VERSION = 5.0;
				TARGETED_DEVICE_FAMILY = "1,2";
				TEST_TARGET_NAME = AIAR;
			};
			name = Debug;
		};
		A76877132B6ADB9000F95E44 /* Release */ = {
			isa = XCBuildConfiguration;
			buildSettings = {
				ALWAYS_EMBED_SWIFT_STANDARD_LIBRARIES = YES;
				CODE_SIGN_STYLE = Automatic;
				CURRENT_PROJECT_VERSION = 1;
				DEVELOPMENT_TEAM = MWMP5VYB7V;
				GENERATE_INFOPLIST_FILE = YES;
				MARKETING_VERSION = 1.0;
				PRODUCT_BUNDLE_IDENTIFIER = com.galasa.stuart;
				PRODUCT_NAME = "$(TARGET_NAME)";
				SWIFT_EMIT_LOC_STRINGS = NO;
				SWIFT_VERSION = 5.0;
				TARGETED_DEVICE_FAMILY = "1,2";
				TEST_TARGET_NAME = AIAR;
			};
			name = Release;
		};
/* End XCBuildConfiguration section */

/* Begin XCConfigurationList section */
		A76876E22B6ADB8F00F95E44 /* Build configuration list for PBXProject "AIAR" */ = {
			isa = XCConfigurationList;
			buildConfigurations = (
				A76877092B6ADB9000F95E44 /* Debug */,
				A768770A2B6ADB9000F95E44 /* Release */,
			);
			defaultConfigurationIsVisible = 0;
			defaultConfigurationName = Release;
		};
		A768770B2B6ADB9000F95E44 /* Build configuration list for PBXNativeTarget "AIAR" */ = {
			isa = XCConfigurationList;
			buildConfigurations = (
				A768770C2B6ADB9000F95E44 /* Debug */,
				A768770D2B6ADB9000F95E44 /* Release */,
			);
			defaultConfigurationIsVisible = 0;
			defaultConfigurationName = Release;
		};
		A768770E2B6ADB9000F95E44 /* Build configuration list for PBXNativeTarget "AIARTests" */ = {
			isa = XCConfigurationList;
			buildConfigurations = (
				A768770F2B6ADB9000F95E44 /* Debug */,
				A76877102B6ADB9000F95E44 /* Release */,
			);
			defaultConfigurationIsVisible = 0;
			defaultConfigurationName = Release;
		};
		A76877112B6ADB9000F95E44 /* Build configuration list for PBXNativeTarget "AIARUITests" */ = {
			isa = XCConfigurationList;
			buildConfigurations = (
				A76877122B6ADB9000F95E44 /* Debug */,
				A76877132B6ADB9000F95E44 /* Release */,
			);
			defaultConfigurationIsVisible = 0;
			defaultConfigurationName = Release;
		};
/* End XCConfigurationList section */
	};
	rootObject = A76876DF2B6ADB8F00F95E44 /* Project object */;
}
