// !$*UTF8*$!
{
	archiveVersion = 1;
	classes = {
	};
	objectVersion = 56;
	objects = {

/* Begin PBXBuildFile section */
		0478318D2ADD7EBF002669A5 /* GalasaAIARApp.swift in Sources */ = {isa = PBXBuildFile; fileRef = 0478318C2ADD7EBF002669A5 /* GalasaAIARApp.swift */; };
		0478318F2ADD7EBF002669A5 /* ContentView.swift in Sources */ = {isa = PBXBuildFile; fileRef = 0478318E2ADD7EBF002669A5 /* ContentView.swift */; };
		047831912ADD7EC1002669A5 /* Assets.xcassets in Resources */ = {isa = PBXBuildFile; fileRef = 047831902ADD7EC1002669A5 /* Assets.xcassets */; };
		047831952ADD7EC1002669A5 /* Preview Assets.xcassets in Resources */ = {isa = PBXBuildFile; fileRef = 047831942ADD7EC1002669A5 /* Preview Assets.xcassets */; };
		0478319F2ADD7EC1002669A5 /* GalasaAIARTests.swift in Sources */ = {isa = PBXBuildFile; fileRef = 0478319E2ADD7EC1002669A5 /* GalasaAIARTests.swift */; };
		047831A92ADD7EC1002669A5 /* GalasaAIARUITests.swift in Sources */ = {isa = PBXBuildFile; fileRef = 047831A82ADD7EC1002669A5 /* GalasaAIARUITests.swift */; };
		047831AB2ADD7EC1002669A5 /* GalasaAIARUITestsLaunchTests.swift in Sources */ = {isa = PBXBuildFile; fileRef = 047831AA2ADD7EC1002669A5 /* GalasaAIARUITestsLaunchTests.swift */; };
		04E3C1E22ADEE5A60030EBFF /* AREnhance.swift in Sources */ = {isa = PBXBuildFile; fileRef = 04E3C1E12ADEE5A60030EBFF /* AREnhance.swift */; };
/* End PBXBuildFile section */

/* Begin PBXContainerItemProxy section */
		0478319B2ADD7EC1002669A5 /* PBXContainerItemProxy */ = {
			isa = PBXContainerItemProxy;
			containerPortal = 047831812ADD7EBF002669A5 /* Project object */;
			proxyType = 1;
			remoteGlobalIDString = 047831882ADD7EBF002669A5;
			remoteInfo = GalasaAIAR;
		};
		047831A52ADD7EC1002669A5 /* PBXContainerItemProxy */ = {
			isa = PBXContainerItemProxy;
			containerPortal = 047831812ADD7EBF002669A5 /* Project object */;
			proxyType = 1;
			remoteGlobalIDString = 047831882ADD7EBF002669A5;
			remoteInfo = GalasaAIAR;
		};
/* End PBXContainerItemProxy section */

/* Begin PBXFileReference section */
		047831892ADD7EBF002669A5 /* GalasaAIAR.app */ = {isa = PBXFileReference; explicitFileType = wrapper.application; includeInIndex = 0; path = GalasaAIAR.app; sourceTree = BUILT_PRODUCTS_DIR; };
		0478318C2ADD7EBF002669A5 /* GalasaAIARApp.swift */ = {isa = PBXFileReference; lastKnownFileType = sourcecode.swift; path = GalasaAIARApp.swift; sourceTree = "<group>"; };
		0478318E2ADD7EBF002669A5 /* ContentView.swift */ = {isa = PBXFileReference; lastKnownFileType = sourcecode.swift; path = ContentView.swift; sourceTree = "<group>"; };
		047831902ADD7EC1002669A5 /* Assets.xcassets */ = {isa = PBXFileReference; lastKnownFileType = folder.assetcatalog; path = Assets.xcassets; sourceTree = "<group>"; };
		047831922ADD7EC1002669A5 /* GalasaAIAR.entitlements */ = {isa = PBXFileReference; lastKnownFileType = text.plist.entitlements; path = GalasaAIAR.entitlements; sourceTree = "<group>"; };
		047831942ADD7EC1002669A5 /* Preview Assets.xcassets */ = {isa = PBXFileReference; lastKnownFileType = folder.assetcatalog; path = "Preview Assets.xcassets"; sourceTree = "<group>"; };
		0478319A2ADD7EC1002669A5 /* GalasaAIARTests.xctest */ = {isa = PBXFileReference; explicitFileType = wrapper.cfbundle; includeInIndex = 0; path = GalasaAIARTests.xctest; sourceTree = BUILT_PRODUCTS_DIR; };
		0478319E2ADD7EC1002669A5 /* GalasaAIARTests.swift */ = {isa = PBXFileReference; lastKnownFileType = sourcecode.swift; path = GalasaAIARTests.swift; sourceTree = "<group>"; };
		047831A42ADD7EC1002669A5 /* GalasaAIARUITests.xctest */ = {isa = PBXFileReference; explicitFileType = wrapper.cfbundle; includeInIndex = 0; path = GalasaAIARUITests.xctest; sourceTree = BUILT_PRODUCTS_DIR; };
		047831A82ADD7EC1002669A5 /* GalasaAIARUITests.swift */ = {isa = PBXFileReference; lastKnownFileType = sourcecode.swift; path = GalasaAIARUITests.swift; sourceTree = "<group>"; };
		047831AA2ADD7EC1002669A5 /* GalasaAIARUITestsLaunchTests.swift */ = {isa = PBXFileReference; lastKnownFileType = sourcecode.swift; path = GalasaAIARUITestsLaunchTests.swift; sourceTree = "<group>"; };
		04E3C1E12ADEE5A60030EBFF /* AREnhance.swift */ = {isa = PBXFileReference; lastKnownFileType = sourcecode.swift; path = AREnhance.swift; sourceTree = "<group>"; };
/* End PBXFileReference section */

/* Begin PBXFrameworksBuildPhase section */
		047831862ADD7EBF002669A5 /* Frameworks */ = {
			isa = PBXFrameworksBuildPhase;
			buildActionMask = 2147483647;
			files = (
			);
			runOnlyForDeploymentPostprocessing = 0;
		};
		047831972ADD7EC1002669A5 /* Frameworks */ = {
			isa = PBXFrameworksBuildPhase;
			buildActionMask = 2147483647;
			files = (
			);
			runOnlyForDeploymentPostprocessing = 0;
		};
		047831A12ADD7EC1002669A5 /* Frameworks */ = {
			isa = PBXFrameworksBuildPhase;
			buildActionMask = 2147483647;
			files = (
			);
			runOnlyForDeploymentPostprocessing = 0;
		};
/* End PBXFrameworksBuildPhase section */

/* Begin PBXGroup section */
		047831802ADD7EBF002669A5 = {
			isa = PBXGroup;
			children = (
				0478318B2ADD7EBF002669A5 /* GalasaAIAR */,
				0478319D2ADD7EC1002669A5 /* GalasaAIARTests */,
				047831A72ADD7EC1002669A5 /* GalasaAIARUITests */,
				0478318A2ADD7EBF002669A5 /* Products */,
			);
			sourceTree = "<group>";
		};
		0478318A2ADD7EBF002669A5 /* Products */ = {
			isa = PBXGroup;
			children = (
				047831892ADD7EBF002669A5 /* GalasaAIAR.app */,
				0478319A2ADD7EC1002669A5 /* GalasaAIARTests.xctest */,
				047831A42ADD7EC1002669A5 /* GalasaAIARUITests.xctest */,
			);
			name = Products;
			sourceTree = "<group>";
		};
		0478318B2ADD7EBF002669A5 /* GalasaAIAR */ = {
			isa = PBXGroup;
			children = (
				0478318C2ADD7EBF002669A5 /* GalasaAIARApp.swift */,
				0478318E2ADD7EBF002669A5 /* ContentView.swift */,
				047831902ADD7EC1002669A5 /* Assets.xcassets */,
				047831922ADD7EC1002669A5 /* GalasaAIAR.entitlements */,
				047831932ADD7EC1002669A5 /* Preview Content */,
				04E3C1E12ADEE5A60030EBFF /* AREnhance.swift */,
			);
			path = GalasaAIAR;
			sourceTree = "<group>";
		};
		047831932ADD7EC1002669A5 /* Preview Content */ = {
			isa = PBXGroup;
			children = (
				047831942ADD7EC1002669A5 /* Preview Assets.xcassets */,
			);
			path = "Preview Content";
			sourceTree = "<group>";
		};
		0478319D2ADD7EC1002669A5 /* GalasaAIARTests */ = {
			isa = PBXGroup;
			children = (
				0478319E2ADD7EC1002669A5 /* GalasaAIARTests.swift */,
			);
			path = GalasaAIARTests;
			sourceTree = "<group>";
		};
		047831A72ADD7EC1002669A5 /* GalasaAIARUITests */ = {
			isa = PBXGroup;
			children = (
				047831A82ADD7EC1002669A5 /* GalasaAIARUITests.swift */,
				047831AA2ADD7EC1002669A5 /* GalasaAIARUITestsLaunchTests.swift */,
			);
			path = GalasaAIARUITests;
			sourceTree = "<group>";
		};
/* End PBXGroup section */

/* Begin PBXNativeTarget section */
		047831882ADD7EBF002669A5 /* GalasaAIAR */ = {
			isa = PBXNativeTarget;
			buildConfigurationList = 047831AE2ADD7EC1002669A5 /* Build configuration list for PBXNativeTarget "GalasaAIAR" */;
			buildPhases = (
				047831852ADD7EBF002669A5 /* Sources */,
				047831862ADD7EBF002669A5 /* Frameworks */,
				047831872ADD7EBF002669A5 /* Resources */,
			);
			buildRules = (
			);
			dependencies = (
			);
			name = GalasaAIAR;
			productName = GalasaAIAR;
			productReference = 047831892ADD7EBF002669A5 /* GalasaAIAR.app */;
			productType = "com.apple.product-type.application";
		};
		047831992ADD7EC1002669A5 /* GalasaAIARTests */ = {
			isa = PBXNativeTarget;
			buildConfigurationList = 047831B12ADD7EC1002669A5 /* Build configuration list for PBXNativeTarget "GalasaAIARTests" */;
			buildPhases = (
				047831962ADD7EC1002669A5 /* Sources */,
				047831972ADD7EC1002669A5 /* Frameworks */,
				047831982ADD7EC1002669A5 /* Resources */,
			);
			buildRules = (
			);
			dependencies = (
				0478319C2ADD7EC1002669A5 /* PBXTargetDependency */,
			);
			name = GalasaAIARTests;
			productName = GalasaAIARTests;
			productReference = 0478319A2ADD7EC1002669A5 /* GalasaAIARTests.xctest */;
			productType = "com.apple.product-type.bundle.unit-test";
		};
		047831A32ADD7EC1002669A5 /* GalasaAIARUITests */ = {
			isa = PBXNativeTarget;
			buildConfigurationList = 047831B42ADD7EC1002669A5 /* Build configuration list for PBXNativeTarget "GalasaAIARUITests" */;
			buildPhases = (
				047831A02ADD7EC1002669A5 /* Sources */,
				047831A12ADD7EC1002669A5 /* Frameworks */,
				047831A22ADD7EC1002669A5 /* Resources */,
			);
			buildRules = (
			);
			dependencies = (
				047831A62ADD7EC1002669A5 /* PBXTargetDependency */,
			);
			name = GalasaAIARUITests;
			productName = GalasaAIARUITests;
			productReference = 047831A42ADD7EC1002669A5 /* GalasaAIARUITests.xctest */;
			productType = "com.apple.product-type.bundle.ui-testing";
		};
/* End PBXNativeTarget section */

/* Begin PBXProject section */
		047831812ADD7EBF002669A5 /* Project object */ = {
			isa = PBXProject;
			attributes = {
				BuildIndependentTargetsInParallel = 1;
				LastSwiftUpdateCheck = 1430;
				LastUpgradeCheck = 1430;
				TargetAttributes = {
					047831882ADD7EBF002669A5 = {
						CreatedOnToolsVersion = 14.3.1;
					};
					047831992ADD7EC1002669A5 = {
						CreatedOnToolsVersion = 14.3.1;
						TestTargetID = 047831882ADD7EBF002669A5;
					};
					047831A32ADD7EC1002669A5 = {
						CreatedOnToolsVersion = 14.3.1;
						TestTargetID = 047831882ADD7EBF002669A5;
					};
				};
			};
			buildConfigurationList = 047831842ADD7EBF002669A5 /* Build configuration list for PBXProject "GalasaAIAR" */;
			compatibilityVersion = "Xcode 14.0";
			developmentRegion = en;
			hasScannedForEncodings = 0;
			knownRegions = (
				en,
				Base,
			);
			mainGroup = 047831802ADD7EBF002669A5;
			productRefGroup = 0478318A2ADD7EBF002669A5 /* Products */;
			projectDirPath = "";
			projectRoot = "";
			targets = (
				047831882ADD7EBF002669A5 /* GalasaAIAR */,
				047831992ADD7EC1002669A5 /* GalasaAIARTests */,
				047831A32ADD7EC1002669A5 /* GalasaAIARUITests */,
			);
		};
/* End PBXProject section */

/* Begin PBXResourcesBuildPhase section */
		047831872ADD7EBF002669A5 /* Resources */ = {
			isa = PBXResourcesBuildPhase;
			buildActionMask = 2147483647;
			files = (
				047831952ADD7EC1002669A5 /* Preview Assets.xcassets in Resources */,
				047831912ADD7EC1002669A5 /* Assets.xcassets in Resources */,
			);
			runOnlyForDeploymentPostprocessing = 0;
		};
		047831982ADD7EC1002669A5 /* Resources */ = {
			isa = PBXResourcesBuildPhase;
			buildActionMask = 2147483647;
			files = (
			);
			runOnlyForDeploymentPostprocessing = 0;
		};
		047831A22ADD7EC1002669A5 /* Resources */ = {
			isa = PBXResourcesBuildPhase;
			buildActionMask = 2147483647;
			files = (
			);
			runOnlyForDeploymentPostprocessing = 0;
		};
/* End PBXResourcesBuildPhase section */

/* Begin PBXSourcesBuildPhase section */
		047831852ADD7EBF002669A5 /* Sources */ = {
			isa = PBXSourcesBuildPhase;
			buildActionMask = 2147483647;
			files = (
				0478318F2ADD7EBF002669A5 /* ContentView.swift in Sources */,
				0478318D2ADD7EBF002669A5 /* GalasaAIARApp.swift in Sources */,
				04E3C1E22ADEE5A60030EBFF /* AREnhance.swift in Sources */,
			);
			runOnlyForDeploymentPostprocessing = 0;
		};
		047831962ADD7EC1002669A5 /* Sources */ = {
			isa = PBXSourcesBuildPhase;
			buildActionMask = 2147483647;
			files = (
				0478319F2ADD7EC1002669A5 /* GalasaAIARTests.swift in Sources */,
			);
			runOnlyForDeploymentPostprocessing = 0;
		};
		047831A02ADD7EC1002669A5 /* Sources */ = {
			isa = PBXSourcesBuildPhase;
			buildActionMask = 2147483647;
			files = (
				047831AB2ADD7EC1002669A5 /* GalasaAIARUITestsLaunchTests.swift in Sources */,
				047831A92ADD7EC1002669A5 /* GalasaAIARUITests.swift in Sources */,
			);
			runOnlyForDeploymentPostprocessing = 0;
		};
/* End PBXSourcesBuildPhase section */

/* Begin PBXTargetDependency section */
		0478319C2ADD7EC1002669A5 /* PBXTargetDependency */ = {
			isa = PBXTargetDependency;
			target = 047831882ADD7EBF002669A5 /* GalasaAIAR */;
			targetProxy = 0478319B2ADD7EC1002669A5 /* PBXContainerItemProxy */;
		};
		047831A62ADD7EC1002669A5 /* PBXTargetDependency */ = {
			isa = PBXTargetDependency;
			target = 047831882ADD7EBF002669A5 /* GalasaAIAR */;
			targetProxy = 047831A52ADD7EC1002669A5 /* PBXContainerItemProxy */;
		};
/* End PBXTargetDependency section */

/* Begin XCBuildConfiguration section */
		047831AC2ADD7EC1002669A5 /* Debug */ = {
			isa = XCBuildConfiguration;
			buildSettings = {
				ALWAYS_SEARCH_USER_PATHS = NO;
				CLANG_ANALYZER_NONNULL = YES;
				CLANG_ANALYZER_NUMBER_OBJECT_CONVERSION = YES_AGGRESSIVE;
				CLANG_CXX_LANGUAGE_STANDARD = "gnu++20";
				CLANG_ENABLE_MODULES = YES;
				CLANG_ENABLE_OBJC_ARC = YES;
				CLANG_ENABLE_OBJC_WEAK = YES;
				CLANG_WARN_BLOCK_CAPTURE_AUTORELEASING = YES;
				CLANG_WARN_BOOL_CONVERSION = YES;
				CLANG_WARN_COMMA = YES;
				CLANG_WARN_CONSTANT_CONVERSION = YES;
				CLANG_WARN_DEPRECATED_OBJC_IMPLEMENTATIONS = YES;
				CLANG_WARN_DIRECT_OBJC_ISA_USAGE = YES_ERROR;
				CLANG_WARN_DOCUMENTATION_COMMENTS = YES;
				CLANG_WARN_EMPTY_BODY = YES;
				CLANG_WARN_ENUM_CONVERSION = YES;
				CLANG_WARN_INFINITE_RECURSION = YES;
				CLANG_WARN_INT_CONVERSION = YES;
				CLANG_WARN_NON_LITERAL_NULL_CONVERSION = YES;
				CLANG_WARN_OBJC_IMPLICIT_RETAIN_SELF = YES;
				CLANG_WARN_OBJC_LITERAL_CONVERSION = YES;
				CLANG_WARN_OBJC_ROOT_CLASS = YES_ERROR;
				CLANG_WARN_QUOTED_INCLUDE_IN_FRAMEWORK_HEADER = YES;
				CLANG_WARN_RANGE_LOOP_ANALYSIS = YES;
				CLANG_WARN_STRICT_PROTOTYPES = YES;
				CLANG_WARN_SUSPICIOUS_MOVE = YES;
				CLANG_WARN_UNGUARDED_AVAILABILITY = YES_AGGRESSIVE;
				CLANG_WARN_UNREACHABLE_CODE = YES;
				CLANG_WARN__DUPLICATE_METHOD_MATCH = YES;
				COPY_PHASE_STRIP = NO;
				DEBUG_INFORMATION_FORMAT = dwarf;
				ENABLE_STRICT_OBJC_MSGSEND = YES;
				ENABLE_TESTABILITY = YES;
				GCC_C_LANGUAGE_STANDARD = gnu11;
				GCC_DYNAMIC_NO_PIC = NO;
				GCC_NO_COMMON_BLOCKS = YES;
				GCC_OPTIMIZATION_LEVEL = 0;
				GCC_PREPROCESSOR_DEFINITIONS = (
					"DEBUG=1",
					"$(inherited)",
				);
				GCC_WARN_64_TO_32_BIT_CONVERSION = YES;
				GCC_WARN_ABOUT_RETURN_TYPE = YES_ERROR;
				GCC_WARN_UNDECLARED_SELECTOR = YES;
				GCC_WARN_UNINITIALIZED_AUTOS = YES_AGGRESSIVE;
				GCC_WARN_UNUSED_FUNCTION = YES;
				GCC_WARN_UNUSED_VARIABLE = YES;
				MTL_ENABLE_DEBUG_INFO = INCLUDE_SOURCE;
				MTL_FAST_MATH = YES;
				ONLY_ACTIVE_ARCH = YES;
				SWIFT_ACTIVE_COMPILATION_CONDITIONS = DEBUG;
				SWIFT_OPTIMIZATION_LEVEL = "-Onone";
			};
			name = Debug;
		};
		047831AD2ADD7EC1002669A5 /* Release */ = {
			isa = XCBuildConfiguration;
			buildSettings = {
				ALWAYS_SEARCH_USER_PATHS = NO;
				CLANG_ANALYZER_NONNULL = YES;
				CLANG_ANALYZER_NUMBER_OBJECT_CONVERSION = YES_AGGRESSIVE;
				CLANG_CXX_LANGUAGE_STANDARD = "gnu++20";
				CLANG_ENABLE_MODULES = YES;
				CLANG_ENABLE_OBJC_ARC = YES;
				CLANG_ENABLE_OBJC_WEAK = YES;
				CLANG_WARN_BLOCK_CAPTURE_AUTORELEASING = YES;
				CLANG_WARN_BOOL_CONVERSION = YES;
				CLANG_WARN_COMMA = YES;
				CLANG_WARN_CONSTANT_CONVERSION = YES;
				CLANG_WARN_DEPRECATED_OBJC_IMPLEMENTATIONS = YES;
				CLANG_WARN_DIRECT_OBJC_ISA_USAGE = YES_ERROR;
				CLANG_WARN_DOCUMENTATION_COMMENTS = YES;
				CLANG_WARN_EMPTY_BODY = YES;
				CLANG_WARN_ENUM_CONVERSION = YES;
				CLANG_WARN_INFINITE_RECURSION = YES;
				CLANG_WARN_INT_CONVERSION = YES;
				CLANG_WARN_NON_LITERAL_NULL_CONVERSION = YES;
				CLANG_WARN_OBJC_IMPLICIT_RETAIN_SELF = YES;
				CLANG_WARN_OBJC_LITERAL_CONVERSION = YES;
				CLANG_WARN_OBJC_ROOT_CLASS = YES_ERROR;
				CLANG_WARN_QUOTED_INCLUDE_IN_FRAMEWORK_HEADER = YES;
				CLANG_WARN_RANGE_LOOP_ANALYSIS = YES;
				CLANG_WARN_STRICT_PROTOTYPES = YES;
				CLANG_WARN_SUSPICIOUS_MOVE = YES;
				CLANG_WARN_UNGUARDED_AVAILABILITY = YES_AGGRESSIVE;
				CLANG_WARN_UNREACHABLE_CODE = YES;
				CLANG_WARN__DUPLICATE_METHOD_MATCH = YES;
				COPY_PHASE_STRIP = NO;
				DEBUG_INFORMATION_FORMAT = "dwarf-with-dsym";
				ENABLE_NS_ASSERTIONS = NO;
				ENABLE_STRICT_OBJC_MSGSEND = YES;
				GCC_C_LANGUAGE_STANDARD = gnu11;
				GCC_NO_COMMON_BLOCKS = YES;
				GCC_WARN_64_TO_32_BIT_CONVERSION = YES;
				GCC_WARN_ABOUT_RETURN_TYPE = YES_ERROR;
				GCC_WARN_UNDECLARED_SELECTOR = YES;
				GCC_WARN_UNINITIALIZED_AUTOS = YES_AGGRESSIVE;
				GCC_WARN_UNUSED_FUNCTION = YES;
				GCC_WARN_UNUSED_VARIABLE = YES;
				MTL_ENABLE_DEBUG_INFO = NO;
				MTL_FAST_MATH = YES;
				SWIFT_COMPILATION_MODE = wholemodule;
				SWIFT_OPTIMIZATION_LEVEL = "-O";
			};
			name = Release;
		};
		047831AF2ADD7EC1002669A5 /* Debug */ = {
			isa = XCBuildConfiguration;
			buildSettings = {
				ASSETCATALOG_COMPILER_APPICON_NAME = AppIcon;
				ASSETCATALOG_COMPILER_GLOBAL_ACCENT_COLOR_NAME = AccentColor;
				CODE_SIGN_ENTITLEMENTS = GalasaAIAR/GalasaAIAR.entitlements;
				CODE_SIGN_STYLE = Automatic;
				CURRENT_PROJECT_VERSION = 1;
				DEVELOPMENT_ASSET_PATHS = "\"GalasaAIAR/Preview Content\"";
				ENABLE_PREVIEWS = YES;
				GENERATE_INFOPLIST_FILE = YES;
				"INFOPLIST_KEY_UIApplicationSceneManifest_Generation[sdk=iphoneos*]" = YES;
				"INFOPLIST_KEY_UIApplicationSceneManifest_Generation[sdk=iphonesimulator*]" = YES;
				"INFOPLIST_KEY_UIApplicationSupportsIndirectInputEvents[sdk=iphoneos*]" = YES;
				"INFOPLIST_KEY_UIApplicationSupportsIndirectInputEvents[sdk=iphonesimulator*]" = YES;
				"INFOPLIST_KEY_UILaunchScreen_Generation[sdk=iphoneos*]" = YES;
				"INFOPLIST_KEY_UILaunchScreen_Generation[sdk=iphonesimulator*]" = YES;
				"INFOPLIST_KEY_UIStatusBarStyle[sdk=iphoneos*]" = UIStatusBarStyleDefault;
				"INFOPLIST_KEY_UIStatusBarStyle[sdk=iphonesimulator*]" = UIStatusBarStyleDefault;
				INFOPLIST_KEY_UISupportedInterfaceOrientations_iPad = "UIInterfaceOrientationPortrait UIInterfaceOrientationPortraitUpsideDown UIInterfaceOrientationLandscapeLeft UIInterfaceOrientationLandscapeRight";
				INFOPLIST_KEY_UISupportedInterfaceOrientations_iPhone = "UIInterfaceOrientationPortrait UIInterfaceOrientationLandscapeLeft UIInterfaceOrientationLandscapeRight";
				IPHONEOS_DEPLOYMENT_TARGET = 16.4;
				LD_RUNPATH_SEARCH_PATHS = "@executable_path/Frameworks";
				"LD_RUNPATH_SEARCH_PATHS[sdk=macosx*]" = "@executable_path/../Frameworks";
				MACOSX_DEPLOYMENT_TARGET = 13.3;
				MARKETING_VERSION = 1.0;
				PRODUCT_BUNDLE_IDENTIFIER = "uob-sep.GalasaAIAR";
				PRODUCT_NAME = "$(TARGET_NAME)";
				SDKROOT = auto;
				SUPPORTED_PLATFORMS = "iphoneos iphonesimulator macosx";
				SWIFT_EMIT_LOC_STRINGS = YES;
				SWIFT_VERSION = 5.0;
				TARGETED_DEVICE_FAMILY = "1,2";
			};
			name = Debug;
		};
		047831B02ADD7EC1002669A5 /* Release */ = {
			isa = XCBuildConfiguration;
			buildSettings = {
				ASSETCATALOG_COMPILER_APPICON_NAME = AppIcon;
				ASSETCATALOG_COMPILER_GLOBAL_ACCENT_COLOR_NAME = AccentColor;
				CODE_SIGN_ENTITLEMENTS = GalasaAIAR/GalasaAIAR.entitlements;
				CODE_SIGN_STYLE = Automatic;
				CURRENT_PROJECT_VERSION = 1;
				DEVELOPMENT_ASSET_PATHS = "\"GalasaAIAR/Preview Content\"";
				ENABLE_PREVIEWS = YES;
				GENERATE_INFOPLIST_FILE = YES;
				"INFOPLIST_KEY_UIApplicationSceneManifest_Generation[sdk=iphoneos*]" = YES;
				"INFOPLIST_KEY_UIApplicationSceneManifest_Generation[sdk=iphonesimulator*]" = YES;
				"INFOPLIST_KEY_UIApplicationSupportsIndirectInputEvents[sdk=iphoneos*]" = YES;
				"INFOPLIST_KEY_UIApplicationSupportsIndirectInputEvents[sdk=iphonesimulator*]" = YES;
				"INFOPLIST_KEY_UILaunchScreen_Generation[sdk=iphoneos*]" = YES;
				"INFOPLIST_KEY_UILaunchScreen_Generation[sdk=iphonesimulator*]" = YES;
				"INFOPLIST_KEY_UIStatusBarStyle[sdk=iphoneos*]" = UIStatusBarStyleDefault;
				"INFOPLIST_KEY_UIStatusBarStyle[sdk=iphonesimulator*]" = UIStatusBarStyleDefault;
				INFOPLIST_KEY_UISupportedInterfaceOrientations_iPad = "UIInterfaceOrientationPortrait UIInterfaceOrientationPortraitUpsideDown UIInterfaceOrientationLandscapeLeft UIInterfaceOrientationLandscapeRight";
				INFOPLIST_KEY_UISupportedInterfaceOrientations_iPhone = "UIInterfaceOrientationPortrait UIInterfaceOrientationLandscapeLeft UIInterfaceOrientationLandscapeRight";
				IPHONEOS_DEPLOYMENT_TARGET = 16.4;
				LD_RUNPATH_SEARCH_PATHS = "@executable_path/Frameworks";
				"LD_RUNPATH_SEARCH_PATHS[sdk=macosx*]" = "@executable_path/../Frameworks";
				MACOSX_DEPLOYMENT_TARGET = 13.3;
				MARKETING_VERSION = 1.0;
				PRODUCT_BUNDLE_IDENTIFIER = "uob-sep.GalasaAIAR";
				PRODUCT_NAME = "$(TARGET_NAME)";
				SDKROOT = auto;
				SUPPORTED_PLATFORMS = "iphoneos iphonesimulator macosx";
				SWIFT_EMIT_LOC_STRINGS = YES;
				SWIFT_VERSION = 5.0;
				TARGETED_DEVICE_FAMILY = "1,2";
			};
			name = Release;
		};
		047831B22ADD7EC1002669A5 /* Debug */ = {
			isa = XCBuildConfiguration;
			buildSettings = {
				ALWAYS_EMBED_SWIFT_STANDARD_LIBRARIES = YES;
				BUNDLE_LOADER = "$(TEST_HOST)";
				CODE_SIGN_STYLE = Automatic;
				CURRENT_PROJECT_VERSION = 1;
				GENERATE_INFOPLIST_FILE = YES;
				IPHONEOS_DEPLOYMENT_TARGET = 16.4;
				MACOSX_DEPLOYMENT_TARGET = 13.3;
				MARKETING_VERSION = 1.0;
				PRODUCT_BUNDLE_IDENTIFIER = "uob-sep.GalasaAIARTests";
				PRODUCT_NAME = "$(TARGET_NAME)";
				SDKROOT = auto;
				SUPPORTED_PLATFORMS = "iphoneos iphonesimulator macosx";
				SWIFT_EMIT_LOC_STRINGS = NO;
				SWIFT_VERSION = 5.0;
				TARGETED_DEVICE_FAMILY = "1,2";
				TEST_HOST = "$(BUILT_PRODUCTS_DIR)/GalasaAIAR.app/$(BUNDLE_EXECUTABLE_FOLDER_PATH)/GalasaAIAR";
			};
			name = Debug;
		};
		047831B32ADD7EC1002669A5 /* Release */ = {
			isa = XCBuildConfiguration;
			buildSettings = {
				ALWAYS_EMBED_SWIFT_STANDARD_LIBRARIES = YES;
				BUNDLE_LOADER = "$(TEST_HOST)";
				CODE_SIGN_STYLE = Automatic;
				CURRENT_PROJECT_VERSION = 1;
				GENERATE_INFOPLIST_FILE = YES;
				IPHONEOS_DEPLOYMENT_TARGET = 16.4;
				MACOSX_DEPLOYMENT_TARGET = 13.3;
				MARKETING_VERSION = 1.0;
				PRODUCT_BUNDLE_IDENTIFIER = "uob-sep.GalasaAIARTests";
				PRODUCT_NAME = "$(TARGET_NAME)";
				SDKROOT = auto;
				SUPPORTED_PLATFORMS = "iphoneos iphonesimulator macosx";
				SWIFT_EMIT_LOC_STRINGS = NO;
				SWIFT_VERSION = 5.0;
				TARGETED_DEVICE_FAMILY = "1,2";
				TEST_HOST = "$(BUILT_PRODUCTS_DIR)/GalasaAIAR.app/$(BUNDLE_EXECUTABLE_FOLDER_PATH)/GalasaAIAR";
			};
			name = Release;
		};
		047831B52ADD7EC1002669A5 /* Debug */ = {
			isa = XCBuildConfiguration;
			buildSettings = {
				ALWAYS_EMBED_SWIFT_STANDARD_LIBRARIES = YES;
				CODE_SIGN_STYLE = Automatic;
				CURRENT_PROJECT_VERSION = 1;
				GENERATE_INFOPLIST_FILE = YES;
				IPHONEOS_DEPLOYMENT_TARGET = 16.4;
				MACOSX_DEPLOYMENT_TARGET = 13.3;
				MARKETING_VERSION = 1.0;
				PRODUCT_BUNDLE_IDENTIFIER = "uob-sep.GalasaAIARUITests";
				PRODUCT_NAME = "$(TARGET_NAME)";
				SDKROOT = auto;
				SUPPORTED_PLATFORMS = "iphoneos iphonesimulator macosx";
				SWIFT_EMIT_LOC_STRINGS = NO;
				SWIFT_VERSION = 5.0;
				TARGETED_DEVICE_FAMILY = "1,2";
				TEST_TARGET_NAME = GalasaAIAR;
			};
			name = Debug;
		};
		047831B62ADD7EC1002669A5 /* Release */ = {
			isa = XCBuildConfiguration;
			buildSettings = {
				ALWAYS_EMBED_SWIFT_STANDARD_LIBRARIES = YES;
				CODE_SIGN_STYLE = Automatic;
				CURRENT_PROJECT_VERSION = 1;
				GENERATE_INFOPLIST_FILE = YES;
				IPHONEOS_DEPLOYMENT_TARGET = 16.4;
				MACOSX_DEPLOYMENT_TARGET = 13.3;
				MARKETING_VERSION = 1.0;
				PRODUCT_BUNDLE_IDENTIFIER = "uob-sep.GalasaAIARUITests";
				PRODUCT_NAME = "$(TARGET_NAME)";
				SDKROOT = auto;
				SUPPORTED_PLATFORMS = "iphoneos iphonesimulator macosx";
				SWIFT_EMIT_LOC_STRINGS = NO;
				SWIFT_VERSION = 5.0;
				TARGETED_DEVICE_FAMILY = "1,2";
				TEST_TARGET_NAME = GalasaAIAR;
			};
			name = Release;
		};
/* End XCBuildConfiguration section */

/* Begin XCConfigurationList section */
		047831842ADD7EBF002669A5 /* Build configuration list for PBXProject "GalasaAIAR" */ = {
			isa = XCConfigurationList;
			buildConfigurations = (
				047831AC2ADD7EC1002669A5 /* Debug */,
				047831AD2ADD7EC1002669A5 /* Release */,
			);
			defaultConfigurationIsVisible = 0;
			defaultConfigurationName = Release;
		};
		047831AE2ADD7EC1002669A5 /* Build configuration list for PBXNativeTarget "GalasaAIAR" */ = {
			isa = XCConfigurationList;
			buildConfigurations = (
				047831AF2ADD7EC1002669A5 /* Debug */,
				047831B02ADD7EC1002669A5 /* Release */,
			);
			defaultConfigurationIsVisible = 0;
			defaultConfigurationName = Release;
		};
		047831B12ADD7EC1002669A5 /* Build configuration list for PBXNativeTarget "GalasaAIARTests" */ = {
			isa = XCConfigurationList;
			buildConfigurations = (
				047831B22ADD7EC1002669A5 /* Debug */,
				047831B32ADD7EC1002669A5 /* Release */,
			);
			defaultConfigurationIsVisible = 0;
			defaultConfigurationName = Release;
		};
		047831B42ADD7EC1002669A5 /* Build configuration list for PBXNativeTarget "GalasaAIARUITests" */ = {
			isa = XCConfigurationList;
			buildConfigurations = (
				047831B52ADD7EC1002669A5 /* Debug */,
				047831B62ADD7EC1002669A5 /* Release */,
			);
			defaultConfigurationIsVisible = 0;
			defaultConfigurationName = Release;
		};
/* End XCConfigurationList section */
	};
	rootObject = 047831812ADD7EBF002669A5 /* Project object */;
}
