// !$*UTF8*$!
{
	archiveVersion = 1;
	classes = {
	};
	objectVersion = 56;
	objects = {

/* Begin PBXBuildFile section */
		775970662B619E5D00C501F4 /* DatabaseDemoApp.swift in Sources */ = {isa = PBXBuildFile; fileRef = 775970652B619E5D00C501F4 /* DatabaseDemoApp.swift */; };
		775970682B619E5D00C501F4 /* ContentView.swift in Sources */ = {isa = PBXBuildFile; fileRef = 775970672B619E5D00C501F4 /* ContentView.swift */; };
		7759706A2B619E5E00C501F4 /* Assets.xcassets in Resources */ = {isa = PBXBuildFile; fileRef = 775970692B619E5E00C501F4 /* Assets.xcassets */; };
		7759706D2B619E5E00C501F4 /* Preview Assets.xcassets in Resources */ = {isa = PBXBuildFile; fileRef = 7759706C2B619E5E00C501F4 /* Preview Assets.xcassets */; };
		775970772B619E5E00C501F4 /* DatabaseDemoTests.swift in Sources */ = {isa = PBXBuildFile; fileRef = 775970762B619E5E00C501F4 /* DatabaseDemoTests.swift */; };
		775970812B619E5E00C501F4 /* DatabaseDemoUITests.swift in Sources */ = {isa = PBXBuildFile; fileRef = 775970802B619E5E00C501F4 /* DatabaseDemoUITests.swift */; };
		775970832B619E5E00C501F4 /* DatabaseDemoUITestsLaunchTests.swift in Sources */ = {isa = PBXBuildFile; fileRef = 775970822B619E5E00C501F4 /* DatabaseDemoUITestsLaunchTests.swift */; };
		775970902B619EDA00C501F4 /* GoogleService-Info.plist in Resources */ = {isa = PBXBuildFile; fileRef = 7759708F2B619EDA00C501F4 /* GoogleService-Info.plist */; };
		775970912B619EDA00C501F4 /* GoogleService-Info.plist in Resources */ = {isa = PBXBuildFile; fileRef = 7759708F2B619EDA00C501F4 /* GoogleService-Info.plist */; };
		775970922B619EDA00C501F4 /* GoogleService-Info.plist in Resources */ = {isa = PBXBuildFile; fileRef = 7759708F2B619EDA00C501F4 /* GoogleService-Info.plist */; };
		775970952B619EF700C501F4 /* FirebaseAnalytics in Frameworks */ = {isa = PBXBuildFile; productRef = 775970942B619EF700C501F4 /* FirebaseAnalytics */; };
		775970972B619EF700C501F4 /* FirebaseAnalyticsSwift in Frameworks */ = {isa = PBXBuildFile; productRef = 775970962B619EF700C501F4 /* FirebaseAnalyticsSwift */; };
/* End PBXBuildFile section */

/* Begin PBXContainerItemProxy section */
		775970732B619E5E00C501F4 /* PBXContainerItemProxy */ = {
			isa = PBXContainerItemProxy;
			containerPortal = 7759705A2B619E5D00C501F4 /* Project object */;
			proxyType = 1;
			remoteGlobalIDString = 775970612B619E5D00C501F4;
			remoteInfo = DatabaseDemo;
		};
		7759707D2B619E5E00C501F4 /* PBXContainerItemProxy */ = {
			isa = PBXContainerItemProxy;
			containerPortal = 7759705A2B619E5D00C501F4 /* Project object */;
			proxyType = 1;
			remoteGlobalIDString = 775970612B619E5D00C501F4;
			remoteInfo = DatabaseDemo;
		};
/* End PBXContainerItemProxy section */

/* Begin PBXFileReference section */
		775970622B619E5D00C501F4 /* DatabaseDemo.app */ = {isa = PBXFileReference; explicitFileType = wrapper.application; includeInIndex = 0; path = DatabaseDemo.app; sourceTree = BUILT_PRODUCTS_DIR; };
		775970652B619E5D00C501F4 /* DatabaseDemoApp.swift */ = {isa = PBXFileReference; lastKnownFileType = sourcecode.swift; path = DatabaseDemoApp.swift; sourceTree = "<group>"; };
		775970672B619E5D00C501F4 /* ContentView.swift */ = {isa = PBXFileReference; lastKnownFileType = sourcecode.swift; path = ContentView.swift; sourceTree = "<group>"; };
		775970692B619E5E00C501F4 /* Assets.xcassets */ = {isa = PBXFileReference; lastKnownFileType = folder.assetcatalog; path = Assets.xcassets; sourceTree = "<group>"; };
		7759706C2B619E5E00C501F4 /* Preview Assets.xcassets */ = {isa = PBXFileReference; lastKnownFileType = folder.assetcatalog; path = "Preview Assets.xcassets"; sourceTree = "<group>"; };
		775970722B619E5E00C501F4 /* DatabaseDemoTests.xctest */ = {isa = PBXFileReference; explicitFileType = wrapper.cfbundle; includeInIndex = 0; path = DatabaseDemoTests.xctest; sourceTree = BUILT_PRODUCTS_DIR; };
		775970762B619E5E00C501F4 /* DatabaseDemoTests.swift */ = {isa = PBXFileReference; lastKnownFileType = sourcecode.swift; path = DatabaseDemoTests.swift; sourceTree = "<group>"; };
		7759707C2B619E5E00C501F4 /* DatabaseDemoUITests.xctest */ = {isa = PBXFileReference; explicitFileType = wrapper.cfbundle; includeInIndex = 0; path = DatabaseDemoUITests.xctest; sourceTree = BUILT_PRODUCTS_DIR; };
		775970802B619E5E00C501F4 /* DatabaseDemoUITests.swift */ = {isa = PBXFileReference; lastKnownFileType = sourcecode.swift; path = DatabaseDemoUITests.swift; sourceTree = "<group>"; };
		775970822B619E5E00C501F4 /* DatabaseDemoUITestsLaunchTests.swift */ = {isa = PBXFileReference; lastKnownFileType = sourcecode.swift; path = DatabaseDemoUITestsLaunchTests.swift; sourceTree = "<group>"; };
		7759708F2B619EDA00C501F4 /* GoogleService-Info.plist */ = {isa = PBXFileReference; fileEncoding = 4; lastKnownFileType = text.plist.xml; name = "GoogleService-Info.plist"; path = "../../../../../../../Downloads/GoogleService-Info.plist"; sourceTree = "<group>"; };
/* End PBXFileReference section */

/* Begin PBXFrameworksBuildPhase section */
		7759705F2B619E5D00C501F4 /* Frameworks */ = {
			isa = PBXFrameworksBuildPhase;
			buildActionMask = 2147483647;
			files = (
				775970972B619EF700C501F4 /* FirebaseAnalyticsSwift in Frameworks */,
				775970952B619EF700C501F4 /* FirebaseAnalytics in Frameworks */,
			);
			runOnlyForDeploymentPostprocessing = 0;
		};
		7759706F2B619E5E00C501F4 /* Frameworks */ = {
			isa = PBXFrameworksBuildPhase;
			buildActionMask = 2147483647;
			files = (
			);
			runOnlyForDeploymentPostprocessing = 0;
		};
		775970792B619E5E00C501F4 /* Frameworks */ = {
			isa = PBXFrameworksBuildPhase;
			buildActionMask = 2147483647;
			files = (
			);
			runOnlyForDeploymentPostprocessing = 0;
		};
/* End PBXFrameworksBuildPhase section */

/* Begin PBXGroup section */
		775970592B619E5D00C501F4 = {
			isa = PBXGroup;
			children = (
				775970642B619E5D00C501F4 /* DatabaseDemo */,
				775970752B619E5E00C501F4 /* DatabaseDemoTests */,
				7759707F2B619E5E00C501F4 /* DatabaseDemoUITests */,
				775970632B619E5D00C501F4 /* Products */,
			);
			sourceTree = "<group>";
		};
		775970632B619E5D00C501F4 /* Products */ = {
			isa = PBXGroup;
			children = (
				775970622B619E5D00C501F4 /* DatabaseDemo.app */,
				775970722B619E5E00C501F4 /* DatabaseDemoTests.xctest */,
				7759707C2B619E5E00C501F4 /* DatabaseDemoUITests.xctest */,
			);
			name = Products;
			sourceTree = "<group>";
		};
		775970642B619E5D00C501F4 /* DatabaseDemo */ = {
			isa = PBXGroup;
			children = (
				7759708F2B619EDA00C501F4 /* GoogleService-Info.plist */,
				775970652B619E5D00C501F4 /* DatabaseDemoApp.swift */,
				775970672B619E5D00C501F4 /* ContentView.swift */,
				775970692B619E5E00C501F4 /* Assets.xcassets */,
				7759706B2B619E5E00C501F4 /* Preview Content */,
			);
			path = DatabaseDemo;
			sourceTree = "<group>";
		};
		7759706B2B619E5E00C501F4 /* Preview Content */ = {
			isa = PBXGroup;
			children = (
				7759706C2B619E5E00C501F4 /* Preview Assets.xcassets */,
			);
			path = "Preview Content";
			sourceTree = "<group>";
		};
		775970752B619E5E00C501F4 /* DatabaseDemoTests */ = {
			isa = PBXGroup;
			children = (
				775970762B619E5E00C501F4 /* DatabaseDemoTests.swift */,
			);
			path = DatabaseDemoTests;
			sourceTree = "<group>";
		};
		7759707F2B619E5E00C501F4 /* DatabaseDemoUITests */ = {
			isa = PBXGroup;
			children = (
				775970802B619E5E00C501F4 /* DatabaseDemoUITests.swift */,
				775970822B619E5E00C501F4 /* DatabaseDemoUITestsLaunchTests.swift */,
			);
			path = DatabaseDemoUITests;
			sourceTree = "<group>";
		};
/* End PBXGroup section */

/* Begin PBXNativeTarget section */
		775970612B619E5D00C501F4 /* DatabaseDemo */ = {
			isa = PBXNativeTarget;
			buildConfigurationList = 775970862B619E5E00C501F4 /* Build configuration list for PBXNativeTarget "DatabaseDemo" */;
			buildPhases = (
				7759705E2B619E5D00C501F4 /* Sources */,
				7759705F2B619E5D00C501F4 /* Frameworks */,
				775970602B619E5D00C501F4 /* Resources */,
			);
			buildRules = (
			);
			dependencies = (
			);
			name = DatabaseDemo;
			packageProductDependencies = (
				775970942B619EF700C501F4 /* FirebaseAnalytics */,
				775970962B619EF700C501F4 /* FirebaseAnalyticsSwift */,
			);
			productName = DatabaseDemo;
			productReference = 775970622B619E5D00C501F4 /* DatabaseDemo.app */;
			productType = "com.apple.product-type.application";
		};
		775970712B619E5E00C501F4 /* DatabaseDemoTests */ = {
			isa = PBXNativeTarget;
			buildConfigurationList = 775970892B619E5E00C501F4 /* Build configuration list for PBXNativeTarget "DatabaseDemoTests" */;
			buildPhases = (
				7759706E2B619E5E00C501F4 /* Sources */,
				7759706F2B619E5E00C501F4 /* Frameworks */,
				775970702B619E5E00C501F4 /* Resources */,
			);
			buildRules = (
			);
			dependencies = (
				775970742B619E5E00C501F4 /* PBXTargetDependency */,
			);
			name = DatabaseDemoTests;
			productName = DatabaseDemoTests;
			productReference = 775970722B619E5E00C501F4 /* DatabaseDemoTests.xctest */;
			productType = "com.apple.product-type.bundle.unit-test";
		};
		7759707B2B619E5E00C501F4 /* DatabaseDemoUITests */ = {
			isa = PBXNativeTarget;
			buildConfigurationList = 7759708C2B619E5E00C501F4 /* Build configuration list for PBXNativeTarget "DatabaseDemoUITests" */;
			buildPhases = (
				775970782B619E5E00C501F4 /* Sources */,
				775970792B619E5E00C501F4 /* Frameworks */,
				7759707A2B619E5E00C501F4 /* Resources */,
			);
			buildRules = (
			);
			dependencies = (
				7759707E2B619E5E00C501F4 /* PBXTargetDependency */,
			);
			name = DatabaseDemoUITests;
			productName = DatabaseDemoUITests;
			productReference = 7759707C2B619E5E00C501F4 /* DatabaseDemoUITests.xctest */;
			productType = "com.apple.product-type.bundle.ui-testing";
		};
/* End PBXNativeTarget section */

/* Begin PBXProject section */
		7759705A2B619E5D00C501F4 /* Project object */ = {
			isa = PBXProject;
			attributes = {
				BuildIndependentTargetsInParallel = 1;
				LastSwiftUpdateCheck = 1520;
				LastUpgradeCheck = 1520;
				TargetAttributes = {
					775970612B619E5D00C501F4 = {
						CreatedOnToolsVersion = 15.2;
					};
					775970712B619E5E00C501F4 = {
						CreatedOnToolsVersion = 15.2;
						TestTargetID = 775970612B619E5D00C501F4;
					};
					7759707B2B619E5E00C501F4 = {
						CreatedOnToolsVersion = 15.2;
						TestTargetID = 775970612B619E5D00C501F4;
					};
				};
			};
			buildConfigurationList = 7759705D2B619E5D00C501F4 /* Build configuration list for PBXProject "DatabaseDemo" */;
			compatibilityVersion = "Xcode 14.0";
			developmentRegion = en;
			hasScannedForEncodings = 0;
			knownRegions = (
				en,
				Base,
			);
			mainGroup = 775970592B619E5D00C501F4;
			packageReferences = (
				775970932B619EF700C501F4 /* XCRemoteSwiftPackageReference "firebase-ios-sdk" */,
			);
			productRefGroup = 775970632B619E5D00C501F4 /* Products */;
			projectDirPath = "";
			projectRoot = "";
			targets = (
				775970612B619E5D00C501F4 /* DatabaseDemo */,
				775970712B619E5E00C501F4 /* DatabaseDemoTests */,
				7759707B2B619E5E00C501F4 /* DatabaseDemoUITests */,
			);
		};
/* End PBXProject section */

/* Begin PBXResourcesBuildPhase section */
		775970602B619E5D00C501F4 /* Resources */ = {
			isa = PBXResourcesBuildPhase;
			buildActionMask = 2147483647;
			files = (
				7759706D2B619E5E00C501F4 /* Preview Assets.xcassets in Resources */,
				7759706A2B619E5E00C501F4 /* Assets.xcassets in Resources */,
				775970902B619EDA00C501F4 /* GoogleService-Info.plist in Resources */,
			);
			runOnlyForDeploymentPostprocessing = 0;
		};
		775970702B619E5E00C501F4 /* Resources */ = {
			isa = PBXResourcesBuildPhase;
			buildActionMask = 2147483647;
			files = (
				775970912B619EDA00C501F4 /* GoogleService-Info.plist in Resources */,
			);
			runOnlyForDeploymentPostprocessing = 0;
		};
		7759707A2B619E5E00C501F4 /* Resources */ = {
			isa = PBXResourcesBuildPhase;
			buildActionMask = 2147483647;
			files = (
				775970922B619EDA00C501F4 /* GoogleService-Info.plist in Resources */,
			);
			runOnlyForDeploymentPostprocessing = 0;
		};
/* End PBXResourcesBuildPhase section */

/* Begin PBXSourcesBuildPhase section */
		7759705E2B619E5D00C501F4 /* Sources */ = {
			isa = PBXSourcesBuildPhase;
			buildActionMask = 2147483647;
			files = (
				775970682B619E5D00C501F4 /* ContentView.swift in Sources */,
				775970662B619E5D00C501F4 /* DatabaseDemoApp.swift in Sources */,
			);
			runOnlyForDeploymentPostprocessing = 0;
		};
		7759706E2B619E5E00C501F4 /* Sources */ = {
			isa = PBXSourcesBuildPhase;
			buildActionMask = 2147483647;
			files = (
				775970772B619E5E00C501F4 /* DatabaseDemoTests.swift in Sources */,
			);
			runOnlyForDeploymentPostprocessing = 0;
		};
		775970782B619E5E00C501F4 /* Sources */ = {
			isa = PBXSourcesBuildPhase;
			buildActionMask = 2147483647;
			files = (
				775970832B619E5E00C501F4 /* DatabaseDemoUITestsLaunchTests.swift in Sources */,
				775970812B619E5E00C501F4 /* DatabaseDemoUITests.swift in Sources */,
			);
			runOnlyForDeploymentPostprocessing = 0;
		};
/* End PBXSourcesBuildPhase section */

/* Begin PBXTargetDependency section */
		775970742B619E5E00C501F4 /* PBXTargetDependency */ = {
			isa = PBXTargetDependency;
			target = 775970612B619E5D00C501F4 /* DatabaseDemo */;
			targetProxy = 775970732B619E5E00C501F4 /* PBXContainerItemProxy */;
		};
		7759707E2B619E5E00C501F4 /* PBXTargetDependency */ = {
			isa = PBXTargetDependency;
			target = 775970612B619E5D00C501F4 /* DatabaseDemo */;
			targetProxy = 7759707D2B619E5E00C501F4 /* PBXContainerItemProxy */;
		};
/* End PBXTargetDependency section */

/* Begin XCBuildConfiguration section */
		775970842B619E5E00C501F4 /* Debug */ = {
			isa = XCBuildConfiguration;
			buildSettings = {
				ALWAYS_SEARCH_USER_PATHS = NO;
				ASSETCATALOG_COMPILER_GENERATE_SWIFT_ASSET_SYMBOL_EXTENSIONS = YES;
				CLANG_ANALYZER_NONNULL = YES;
				CLANG_ANALYZER_NUMBER_OBJECT_CONVERSION = YES_AGGRESSIVE;
				CLANG_CXX_LANGUAGE_STANDARD = "gnu++20";
				CLANG_ENABLE_MODULES = YES;
				CLANG_ENABLE_OBJC_ARC = YES;
				CLANG_ENABLE_OBJC_WEAK = YES;
				CLANG_WARN_BLOCK_CAPTURE_AUTORELEASING = YES;
				CLANG_WARN_BOOL_CONVERSION = YES;
				CLANG_WARN_COMMA = YES;
				CLANG_WARN_CONSTANT_CONVERSION = YES;
				CLANG_WARN_DEPRECATED_OBJC_IMPLEMENTATIONS = YES;
				CLANG_WARN_DIRECT_OBJC_ISA_USAGE = YES_ERROR;
				CLANG_WARN_DOCUMENTATION_COMMENTS = YES;
				CLANG_WARN_EMPTY_BODY = YES;
				CLANG_WARN_ENUM_CONVERSION = YES;
				CLANG_WARN_INFINITE_RECURSION = YES;
				CLANG_WARN_INT_CONVERSION = YES;
				CLANG_WARN_NON_LITERAL_NULL_CONVERSION = YES;
				CLANG_WARN_OBJC_IMPLICIT_RETAIN_SELF = YES;
				CLANG_WARN_OBJC_LITERAL_CONVERSION = YES;
				CLANG_WARN_OBJC_ROOT_CLASS = YES_ERROR;
				CLANG_WARN_QUOTED_INCLUDE_IN_FRAMEWORK_HEADER = YES;
				CLANG_WARN_RANGE_LOOP_ANALYSIS = YES;
				CLANG_WARN_STRICT_PROTOTYPES = YES;
				CLANG_WARN_SUSPICIOUS_MOVE = YES;
				CLANG_WARN_UNGUARDED_AVAILABILITY = YES_AGGRESSIVE;
				CLANG_WARN_UNREACHABLE_CODE = YES;
				CLANG_WARN__DUPLICATE_METHOD_MATCH = YES;
				COPY_PHASE_STRIP = NO;
				DEBUG_INFORMATION_FORMAT = dwarf;
				ENABLE_STRICT_OBJC_MSGSEND = YES;
				ENABLE_TESTABILITY = YES;
				ENABLE_USER_SCRIPT_SANDBOXING = YES;
				GCC_C_LANGUAGE_STANDARD = gnu17;
				GCC_DYNAMIC_NO_PIC = NO;
				GCC_NO_COMMON_BLOCKS = YES;
				GCC_OPTIMIZATION_LEVEL = 0;
				GCC_PREPROCESSOR_DEFINITIONS = (
					"DEBUG=1",
					"$(inherited)",
				);
				GCC_WARN_64_TO_32_BIT_CONVERSION = YES;
				GCC_WARN_ABOUT_RETURN_TYPE = YES_ERROR;
				GCC_WARN_UNDECLARED_SELECTOR = YES;
				GCC_WARN_UNINITIALIZED_AUTOS = YES_AGGRESSIVE;
				GCC_WARN_UNUSED_FUNCTION = YES;
				GCC_WARN_UNUSED_VARIABLE = YES;
				IPHONEOS_DEPLOYMENT_TARGET = 17.2;
				LOCALIZATION_PREFERS_STRING_CATALOGS = YES;
				MTL_ENABLE_DEBUG_INFO = INCLUDE_SOURCE;
				MTL_FAST_MATH = YES;
				ONLY_ACTIVE_ARCH = YES;
				SDKROOT = iphoneos;
				SWIFT_ACTIVE_COMPILATION_CONDITIONS = "DEBUG $(inherited)";
				SWIFT_OPTIMIZATION_LEVEL = "-Onone";
			};
			name = Debug;
		};
		775970852B619E5E00C501F4 /* Release */ = {
			isa = XCBuildConfiguration;
			buildSettings = {
				ALWAYS_SEARCH_USER_PATHS = NO;
				ASSETCATALOG_COMPILER_GENERATE_SWIFT_ASSET_SYMBOL_EXTENSIONS = YES;
				CLANG_ANALYZER_NONNULL = YES;
				CLANG_ANALYZER_NUMBER_OBJECT_CONVERSION = YES_AGGRESSIVE;
				CLANG_CXX_LANGUAGE_STANDARD = "gnu++20";
				CLANG_ENABLE_MODULES = YES;
				CLANG_ENABLE_OBJC_ARC = YES;
				CLANG_ENABLE_OBJC_WEAK = YES;
				CLANG_WARN_BLOCK_CAPTURE_AUTORELEASING = YES;
				CLANG_WARN_BOOL_CONVERSION = YES;
				CLANG_WARN_COMMA = YES;
				CLANG_WARN_CONSTANT_CONVERSION = YES;
				CLANG_WARN_DEPRECATED_OBJC_IMPLEMENTATIONS = YES;
				CLANG_WARN_DIRECT_OBJC_ISA_USAGE = YES_ERROR;
				CLANG_WARN_DOCUMENTATION_COMMENTS = YES;
				CLANG_WARN_EMPTY_BODY = YES;
				CLANG_WARN_ENUM_CONVERSION = YES;
				CLANG_WARN_INFINITE_RECURSION = YES;
				CLANG_WARN_INT_CONVERSION = YES;
				CLANG_WARN_NON_LITERAL_NULL_CONVERSION = YES;
				CLANG_WARN_OBJC_IMPLICIT_RETAIN_SELF = YES;
				CLANG_WARN_OBJC_LITERAL_CONVERSION = YES;
				CLANG_WARN_OBJC_ROOT_CLASS = YES_ERROR;
				CLANG_WARN_QUOTED_INCLUDE_IN_FRAMEWORK_HEADER = YES;
				CLANG_WARN_RANGE_LOOP_ANALYSIS = YES;
				CLANG_WARN_STRICT_PROTOTYPES = YES;
				CLANG_WARN_SUSPICIOUS_MOVE = YES;
				CLANG_WARN_UNGUARDED_AVAILABILITY = YES_AGGRESSIVE;
				CLANG_WARN_UNREACHABLE_CODE = YES;
				CLANG_WARN__DUPLICATE_METHOD_MATCH = YES;
				COPY_PHASE_STRIP = NO;
				DEBUG_INFORMATION_FORMAT = "dwarf-with-dsym";
				ENABLE_NS_ASSERTIONS = NO;
				ENABLE_STRICT_OBJC_MSGSEND = YES;
				ENABLE_USER_SCRIPT_SANDBOXING = YES;
				GCC_C_LANGUAGE_STANDARD = gnu17;
				GCC_NO_COMMON_BLOCKS = YES;
				GCC_WARN_64_TO_32_BIT_CONVERSION = YES;
				GCC_WARN_ABOUT_RETURN_TYPE = YES_ERROR;
				GCC_WARN_UNDECLARED_SELECTOR = YES;
				GCC_WARN_UNINITIALIZED_AUTOS = YES_AGGRESSIVE;
				GCC_WARN_UNUSED_FUNCTION = YES;
				GCC_WARN_UNUSED_VARIABLE = YES;
				IPHONEOS_DEPLOYMENT_TARGET = 17.2;
				LOCALIZATION_PREFERS_STRING_CATALOGS = YES;
				MTL_ENABLE_DEBUG_INFO = NO;
				MTL_FAST_MATH = YES;
				SDKROOT = iphoneos;
				SWIFT_COMPILATION_MODE = wholemodule;
				VALIDATE_PRODUCT = YES;
			};
			name = Release;
		};
		775970872B619E5E00C501F4 /* Debug */ = {
			isa = XCBuildConfiguration;
			buildSettings = {
				ASSETCATALOG_COMPILER_APPICON_NAME = AppIcon;
				ASSETCATALOG_COMPILER_GLOBAL_ACCENT_COLOR_NAME = AccentColor;
				CODE_SIGN_STYLE = Automatic;
				CURRENT_PROJECT_VERSION = 1;
				DEVELOPMENT_ASSET_PATHS = "\"DatabaseDemo/Preview Content\"";
				DEVELOPMENT_TEAM = SSA8287LFW;
				ENABLE_PREVIEWS = YES;
				GENERATE_INFOPLIST_FILE = YES;
				INFOPLIST_KEY_UIApplicationSceneManifest_Generation = YES;
				INFOPLIST_KEY_UIApplicationSupportsIndirectInputEvents = YES;
				INFOPLIST_KEY_UILaunchScreen_Generation = YES;
				INFOPLIST_KEY_UISupportedInterfaceOrientations_iPad = "UIInterfaceOrientationPortrait UIInterfaceOrientationPortraitUpsideDown UIInterfaceOrientationLandscapeLeft UIInterfaceOrientationLandscapeRight";
				INFOPLIST_KEY_UISupportedInterfaceOrientations_iPhone = "UIInterfaceOrientationPortrait UIInterfaceOrientationLandscapeLeft UIInterfaceOrientationLandscapeRight";
				IPHONEOS_DEPLOYMENT_TARGET = 16.6;
				LD_RUNPATH_SEARCH_PATHS = (
					"$(inherited)",
					"@executable_path/Frameworks",
				);
				MARKETING_VERSION = 1.0;
				PRODUCT_BUNDLE_IDENTIFIER = com.peterbread.cs.DatabaseDemo;
				PRODUCT_NAME = "$(TARGET_NAME)";
				SWIFT_EMIT_LOC_STRINGS = YES;
				SWIFT_VERSION = 5.0;
				TARGETED_DEVICE_FAMILY = "1,2";
			};
			name = Debug;
		};
		775970882B619E5E00C501F4 /* Release */ = {
			isa = XCBuildConfiguration;
			buildSettings = {
				ASSETCATALOG_COMPILER_APPICON_NAME = AppIcon;
				ASSETCATALOG_COMPILER_GLOBAL_ACCENT_COLOR_NAME = AccentColor;
				CODE_SIGN_STYLE = Automatic;
				CURRENT_PROJECT_VERSION = 1;
				DEVELOPMENT_ASSET_PATHS = "\"DatabaseDemo/Preview Content\"";
				DEVELOPMENT_TEAM = SSA8287LFW;
				ENABLE_PREVIEWS = YES;
				GENERATE_INFOPLIST_FILE = YES;
				INFOPLIST_KEY_UIApplicationSceneManifest_Generation = YES;
				INFOPLIST_KEY_UIApplicationSupportsIndirectInputEvents = YES;
				INFOPLIST_KEY_UILaunchScreen_Generation = YES;
				INFOPLIST_KEY_UISupportedInterfaceOrientations_iPad = "UIInterfaceOrientationPortrait UIInterfaceOrientationPortraitUpsideDown UIInterfaceOrientationLandscapeLeft UIInterfaceOrientationLandscapeRight";
				INFOPLIST_KEY_UISupportedInterfaceOrientations_iPhone = "UIInterfaceOrientationPortrait UIInterfaceOrientationLandscapeLeft UIInterfaceOrientationLandscapeRight";
				IPHONEOS_DEPLOYMENT_TARGET = 16.6;
				LD_RUNPATH_SEARCH_PATHS = (
					"$(inherited)",
					"@executable_path/Frameworks",
				);
				MARKETING_VERSION = 1.0;
				PRODUCT_BUNDLE_IDENTIFIER = com.peterbread.cs.DatabaseDemo;
				PRODUCT_NAME = "$(TARGET_NAME)";
				SWIFT_EMIT_LOC_STRINGS = YES;
				SWIFT_VERSION = 5.0;
				TARGETED_DEVICE_FAMILY = "1,2";
			};
			name = Release;
		};
		7759708A2B619E5E00C501F4 /* Debug */ = {
			isa = XCBuildConfiguration;
			buildSettings = {
				ALWAYS_EMBED_SWIFT_STANDARD_LIBRARIES = YES;
				BUNDLE_LOADER = "$(TEST_HOST)";
				CODE_SIGN_STYLE = Automatic;
				CURRENT_PROJECT_VERSION = 1;
				DEVELOPMENT_TEAM = SSA8287LFW;
				GENERATE_INFOPLIST_FILE = YES;
				IPHONEOS_DEPLOYMENT_TARGET = 16.6;
				MARKETING_VERSION = 1.0;
				PRODUCT_BUNDLE_IDENTIFIER = com.peterbread.cs.DatabaseDemoTests;
				PRODUCT_NAME = "$(TARGET_NAME)";
				SWIFT_EMIT_LOC_STRINGS = NO;
				SWIFT_VERSION = 5.0;
				TARGETED_DEVICE_FAMILY = "1,2";
				TEST_HOST = "$(BUILT_PRODUCTS_DIR)/DatabaseDemo.app/$(BUNDLE_EXECUTABLE_FOLDER_PATH)/DatabaseDemo";
			};
			name = Debug;
		};
		7759708B2B619E5E00C501F4 /* Release */ = {
			isa = XCBuildConfiguration;
			buildSettings = {
				ALWAYS_EMBED_SWIFT_STANDARD_LIBRARIES = YES;
				BUNDLE_LOADER = "$(TEST_HOST)";
				CODE_SIGN_STYLE = Automatic;
				CURRENT_PROJECT_VERSION = 1;
				DEVELOPMENT_TEAM = SSA8287LFW;
				GENERATE_INFOPLIST_FILE = YES;
				IPHONEOS_DEPLOYMENT_TARGET = 16.6;
				MARKETING_VERSION = 1.0;
				PRODUCT_BUNDLE_IDENTIFIER = com.peterbread.cs.DatabaseDemoTests;
				PRODUCT_NAME = "$(TARGET_NAME)";
				SWIFT_EMIT_LOC_STRINGS = NO;
				SWIFT_VERSION = 5.0;
				TARGETED_DEVICE_FAMILY = "1,2";
				TEST_HOST = "$(BUILT_PRODUCTS_DIR)/DatabaseDemo.app/$(BUNDLE_EXECUTABLE_FOLDER_PATH)/DatabaseDemo";
			};
			name = Release;
		};
		7759708D2B619E5E00C501F4 /* Debug */ = {
			isa = XCBuildConfiguration;
			buildSettings = {
				ALWAYS_EMBED_SWIFT_STANDARD_LIBRARIES = YES;
				CODE_SIGN_STYLE = Automatic;
				CURRENT_PROJECT_VERSION = 1;
				DEVELOPMENT_TEAM = SSA8287LFW;
				GENERATE_INFOPLIST_FILE = YES;
				IPHONEOS_DEPLOYMENT_TARGET = 16.6;
				MARKETING_VERSION = 1.0;
				PRODUCT_BUNDLE_IDENTIFIER = com.peterbread.cs.DatabaseDemoUITests;
				PRODUCT_NAME = "$(TARGET_NAME)";
				SWIFT_EMIT_LOC_STRINGS = NO;
				SWIFT_VERSION = 5.0;
				TARGETED_DEVICE_FAMILY = "1,2";
				TEST_TARGET_NAME = DatabaseDemo;
			};
			name = Debug;
		};
		7759708E2B619E5E00C501F4 /* Release */ = {
			isa = XCBuildConfiguration;
			buildSettings = {
				ALWAYS_EMBED_SWIFT_STANDARD_LIBRARIES = YES;
				CODE_SIGN_STYLE = Automatic;
				CURRENT_PROJECT_VERSION = 1;
				DEVELOPMENT_TEAM = SSA8287LFW;
				GENERATE_INFOPLIST_FILE = YES;
				IPHONEOS_DEPLOYMENT_TARGET = 16.6;
				MARKETING_VERSION = 1.0;
				PRODUCT_BUNDLE_IDENTIFIER = com.peterbread.cs.DatabaseDemoUITests;
				PRODUCT_NAME = "$(TARGET_NAME)";
				SWIFT_EMIT_LOC_STRINGS = NO;
				SWIFT_VERSION = 5.0;
				TARGETED_DEVICE_FAMILY = "1,2";
				TEST_TARGET_NAME = DatabaseDemo;
			};
			name = Release;
		};
/* End XCBuildConfiguration section */

/* Begin XCConfigurationList section */
		7759705D2B619E5D00C501F4 /* Build configuration list for PBXProject "DatabaseDemo" */ = {
			isa = XCConfigurationList;
			buildConfigurations = (
				775970842B619E5E00C501F4 /* Debug */,
				775970852B619E5E00C501F4 /* Release */,
			);
			defaultConfigurationIsVisible = 0;
			defaultConfigurationName = Release;
		};
		775970862B619E5E00C501F4 /* Build configuration list for PBXNativeTarget "DatabaseDemo" */ = {
			isa = XCConfigurationList;
			buildConfigurations = (
				775970872B619E5E00C501F4 /* Debug */,
				775970882B619E5E00C501F4 /* Release */,
			);
			defaultConfigurationIsVisible = 0;
			defaultConfigurationName = Release;
		};
		775970892B619E5E00C501F4 /* Build configuration list for PBXNativeTarget "DatabaseDemoTests" */ = {
			isa = XCConfigurationList;
			buildConfigurations = (
				7759708A2B619E5E00C501F4 /* Debug */,
				7759708B2B619E5E00C501F4 /* Release */,
			);
			defaultConfigurationIsVisible = 0;
			defaultConfigurationName = Release;
		};
		7759708C2B619E5E00C501F4 /* Build configuration list for PBXNativeTarget "DatabaseDemoUITests" */ = {
			isa = XCConfigurationList;
			buildConfigurations = (
				7759708D2B619E5E00C501F4 /* Debug */,
				7759708E2B619E5E00C501F4 /* Release */,
			);
			defaultConfigurationIsVisible = 0;
			defaultConfigurationName = Release;
		};
/* End XCConfigurationList section */

/* Begin XCRemoteSwiftPackageReference section */
		775970932B619EF700C501F4 /* XCRemoteSwiftPackageReference "firebase-ios-sdk" */ = {
			isa = XCRemoteSwiftPackageReference;
			repositoryURL = "https://github.com/firebase/firebase-ios-sdk";
			requirement = {
				kind = upToNextMajorVersion;
				minimumVersion = 10.20.0;
			};
		};
/* End XCRemoteSwiftPackageReference section */

/* Begin XCSwiftPackageProductDependency section */
		775970942B619EF700C501F4 /* FirebaseAnalytics */ = {
			isa = XCSwiftPackageProductDependency;
			package = 775970932B619EF700C501F4 /* XCRemoteSwiftPackageReference "firebase-ios-sdk" */;
			productName = FirebaseAnalytics;
		};
		775970962B619EF700C501F4 /* FirebaseAnalyticsSwift */ = {
			isa = XCSwiftPackageProductDependency;
			package = 775970932B619EF700C501F4 /* XCRemoteSwiftPackageReference "firebase-ios-sdk" */;
			productName = FirebaseAnalyticsSwift;
		};
/* End XCSwiftPackageProductDependency section */
	};
	rootObject = 7759705A2B619E5D00C501F4 /* Project object */;
}
